
Microsoft Visual Studio Solution File, Format Version 10.00
# Visual Studio 2008
Project("{8BC9CEB8-8B4A-11D0-8D11-00A0C91BC942}") = "compiler_backend", "projects\compiler_backend\compiler_backend.vcproj", "{0FCA25E9-C3FB-4BA8-BB7D-CE55DB3135AD}"
EndProject
Project("{8BC9CEB8-8B4A-11D0-8D11-00A0C91BC942}") = "parser", "projects\parser\parser.vcproj", "{7AAA2692-2A5A-4779-9936-6A164A390750}"
EndProject
Project("{8BC9CEB8-8B4A-11D0-8D11-00A0C91BC942}") = "gui", "projects\gui\gui.vcproj", "{7D4C8AFE-EDF5-4E3A-9B8C-5BF8C25B5218}"
EndProject
Project("{8BC9CEB8-8B4A-11D0-8D11-00A0C91BC942}") = "font_server", "projects\font_server\font_server.vcproj", "{E6D6C259-034B-4045-804D-6DB07D7D897D}"
EndProject
Project("{8BC9CEB8-8B4A-11D0-8D11-00A0C91BC942}") = "BasicDataStructures", "projects\BasicDataStructures\BasicDataStructures.vcproj", "{E97BF0CC-EB71-43A2-B4BA-8CB5F1E11214}"
EndProject
Project("{8BC9CEB8-8B4A-11D0-8D11-00A0C91BC942}") = "TestSuite", "projects\TestSuite\TestSuite.vcproj", "{509A97A0-019B-478F-BA5F-EF10C9D17E90}"
EndProject
Global
	GlobalSection(SolutionConfigurationPlatforms) = preSolution
		Debug|Win32 = Debug|Win32
		Release|Win32 = Release|Win32
	EndGlobalSection
	GlobalSection(ProjectConfigurationPlatforms) = postSolution
		{0FCA25E9-C3FB-4BA8-BB7D-CE55DB3135AD}.Debug|Win32.ActiveCfg = Debug|Win32
		{0FCA25E9-C3FB-4BA8-BB7D-CE55DB3135AD}.Debug|Win32.Build.0 = Debug|Win32
		{0FCA25E9-C3FB-4BA8-BB7D-CE55DB3135AD}.Release|Win32.ActiveCfg = Release|Win32
		{0FCA25E9-C3FB-4BA8-BB7D-CE55DB3135AD}.Release|Win32.Build.0 = Release|Win32
		{7AAA2692-2A5A-4779-9936-6A164A390750}.Debug|Win32.ActiveCfg = Debug|Win32
		{7AAA2692-2A5A-4779-9936-6A164A390750}.Debug|Win32.Build.0 = Debug|Win32
		{7AAA2692-2A5A-4779-9936-6A164A390750}.Release|Win32.ActiveCfg = Release|Win32
		{7AAA2692-2A5A-4779-9936-6A164A390750}.Release|Win32.Build.0 = Release|Win32
		{7D4C8AFE-EDF5-4E3A-9B8C-5BF8C25B5218}.Debug|Win32.ActiveCfg = Debug|Win32
		{7D4C8AFE-EDF5-4E3A-9B8C-5BF8C25B5218}.Debug|Win32.Build.0 = Debug|Win32
		{7D4C8AFE-EDF5-4E3A-9B8C-5BF8C25B5218}.Release|Win32.ActiveCfg = Release|Win32
		{7D4C8AFE-EDF5-4E3A-9B8C-5BF8C25B5218}.Release|Win32.Build.0 = Release|Win32
		{E6D6C259-034B-4045-804D-6DB07D7D897D}.Debug|Win32.ActiveCfg = Debug|Win32
		{E6D6C259-034B-4045-804D-6DB07D7D897D}.Debug|Win32.Build.0 = Debug|Win32
		{E6D6C259-034B-4045-804D-6DB07D7D897D}.Release|Win32.ActiveCfg = Release|Win32
		{E6D6C259-034B-4045-804D-6DB07D7D897D}.Release|Win32.Build.0 = Release|Win32
		{E97BF0CC-EB71-43A2-B4BA-8CB5F1E11214}.Debug|Win32.ActiveCfg = Debug|Win32
		{E97BF0CC-EB71-43A2-B4BA-8CB5F1E11214}.Debug|Win32.Build.0 = Debug|Win32
		{E97BF0CC-EB71-43A2-B4BA-8CB5F1E11214}.Release|Win32.ActiveCfg = Release|Win32
		{E97BF0CC-EB71-43A2-B4BA-8CB5F1E11214}.Release|Win32.Build.0 = Release|Win32
		{509A97A0-019B-478F-BA5F-EF10C9D17E90}.Debug|Win32.ActiveCfg = Debug|Win32
		{509A97A0-019B-478F-BA5F-EF10C9D17E90}.Debug|Win32.Build.0 = Debug|Win32
		{509A97A0-019B-478F-BA5F-EF10C9D17E90}.Release|Win32.ActiveCfg = Release|Win32
		{509A97A0-019B-478F-BA5F-EF10C9D17E90}.Release|Win32.Build.0 = Release|Win32
	EndGlobalSection
	GlobalSection(SolutionProperties) = preSolution
		HideSolutionNode = FALSE
	EndGlobalSection
EndGlobal
