
Microsoft Visual Studio Solution File, Format Version 11.00
# Visual Studio 2010
Project("{8BC9CEB8-8B4A-11D0-8D11-00A0C91BC942}") = "GuiWin", "projects\vs2010\GuiWin\GuiWin.vcxproj", "{4DF22B7B-CB08-4140-806B-DA76A3AA3E8D}"
EndProject
Project("{8BC9CEB8-8B4A-11D0-8D11-00A0C91BC942}") = "zlib", "projects\vs2010\zlib\zlib.vcxproj", "{0039884E-1AF1-4FFD-B864-7A386353C88F}"
EndProject
Project("{8BC9CEB8-8B4A-11D0-8D11-00A0C91BC942}") = "TestSuite", "projects\vs2010\TestSuite\TestSuite.vcxproj", "{CA71DFC8-3FEC-41B2-B927-9FD0669A8293}"
EndProject
Project("{8BC9CEB8-8B4A-11D0-8D11-00A0C91BC942}") = "CompilerBackend", "projects\vs2010\CompilerBackend\CompilerBackend.vcxproj", "{9F837F6B-EDD2-4F25-A881-EB09E17C6CA4}"
EndProject
Project("{8BC9CEB8-8B4A-11D0-8D11-00A0C91BC942}") = "FontServer", "projects\vs2010\FontServer\FontServer.vcxproj", "{A04C4943-4C45-4675-990D-C1EAE9A9F155}"
EndProject
Project("{8BC9CEB8-8B4A-11D0-8D11-00A0C91BC942}") = "GifDecoder", "projects\vs2010\GifDecoder\GifDecoder.vcxproj", "{8BE7D827-B658-43AB-A80A-8BE2B4D908C5}"
EndProject
Project("{8BC9CEB8-8B4A-11D0-8D11-00A0C91BC942}") = "Html5Reader", "projects\vs2010\Html5Reader\Html5Reader.vcxproj", "{41164D62-6A66-4CCF-891D-F550B52BCF8C}"
EndProject
Project("{8BC9CEB8-8B4A-11D0-8D11-00A0C91BC942}") = "PdfReader", "projects\vs2010\PdfReader\PdfReader.vcxproj", "{68A3E874-2F6F-4CBF-8EF2-7E01A72D87A6}"
EndProject
Project("{8BC9CEB8-8B4A-11D0-8D11-00A0C91BC942}") = "SwfReader", "projects\vs2010\SwfReader\SwfReader.vcxproj", "{50CD3C85-17F6-4FD5-8467-26C7EE82AA7F}"
EndProject
Project("{8BC9CEB8-8B4A-11D0-8D11-00A0C91BC942}") = "XmlReader", "projects\vs2010\XmlReader\XmlReader.vcxproj", "{76F5E41D-1713-4CD7-9160-DEBF2F63D651}"
EndProject
Project("{8BC9CEB8-8B4A-11D0-8D11-00A0C91BC942}") = "BasicDataStructures", "projects\vs2010\BasicDataStructures\BasicDataStructures.vcxproj", "{5418215D-EE32-42B5-B2F2-59F6EC623F10}"
EndProject
Project("{8BC9CEB8-8B4A-11D0-8D11-00A0C91BC942}") = "JpegDecoder", "projects\vs2010\JpegDecoder\JpegDecoder.vcxproj", "{028E6FB4-1A3D-4045-A65B-B00D06FE8864}"
EndProject
Global
	GlobalSection(SolutionConfigurationPlatforms) = preSolution
		Debug|Win32 = Debug|Win32
		DLL ASM Debug|Win32 = DLL ASM Debug|Win32
		DLL ASM Release|Win32 = DLL ASM Release|Win32
		DLL Debug|Win32 = DLL Debug|Win32
		DLL Release|Win32 = DLL Release|Win32
		LIB ASM Debug|Win32 = LIB ASM Debug|Win32
		LIB ASM Release|Win32 = LIB ASM Release|Win32
		LIB Debug|Win32 = LIB Debug|Win32
		LIB Release|Win32 = LIB Release|Win32
		Release|Win32 = Release|Win32
	EndGlobalSection
	GlobalSection(ProjectConfigurationPlatforms) = postSolution
		{4DF22B7B-CB08-4140-806B-DA76A3AA3E8D}.Debug|Win32.ActiveCfg = Debug|Win32
		{4DF22B7B-CB08-4140-806B-DA76A3AA3E8D}.Debug|Win32.Build.0 = Debug|Win32
		{4DF22B7B-CB08-4140-806B-DA76A3AA3E8D}.DLL ASM Debug|Win32.ActiveCfg = Debug|Win32
		{4DF22B7B-CB08-4140-806B-DA76A3AA3E8D}.DLL ASM Debug|Win32.Build.0 = Debug|Win32
		{4DF22B7B-CB08-4140-806B-DA76A3AA3E8D}.DLL ASM Release|Win32.ActiveCfg = Release|Win32
		{4DF22B7B-CB08-4140-806B-DA76A3AA3E8D}.DLL ASM Release|Win32.Build.0 = Release|Win32
		{4DF22B7B-CB08-4140-806B-DA76A3AA3E8D}.DLL Debug|Win32.ActiveCfg = Debug|Win32
		{4DF22B7B-CB08-4140-806B-DA76A3AA3E8D}.DLL Debug|Win32.Build.0 = Debug|Win32
		{4DF22B7B-CB08-4140-806B-DA76A3AA3E8D}.DLL Release|Win32.ActiveCfg = Release|Win32
		{4DF22B7B-CB08-4140-806B-DA76A3AA3E8D}.DLL Release|Win32.Build.0 = Release|Win32
		{4DF22B7B-CB08-4140-806B-DA76A3AA3E8D}.LIB ASM Debug|Win32.ActiveCfg = Debug|Win32
		{4DF22B7B-CB08-4140-806B-DA76A3AA3E8D}.LIB ASM Debug|Win32.Build.0 = Debug|Win32
		{4DF22B7B-CB08-4140-806B-DA76A3AA3E8D}.LIB ASM Release|Win32.ActiveCfg = Release|Win32
		{4DF22B7B-CB08-4140-806B-DA76A3AA3E8D}.LIB ASM Release|Win32.Build.0 = Release|Win32
		{4DF22B7B-CB08-4140-806B-DA76A3AA3E8D}.LIB Debug|Win32.ActiveCfg = Debug|Win32
		{4DF22B7B-CB08-4140-806B-DA76A3AA3E8D}.LIB Debug|Win32.Build.0 = Debug|Win32
		{4DF22B7B-CB08-4140-806B-DA76A3AA3E8D}.LIB Release|Win32.ActiveCfg = Release|Win32
		{4DF22B7B-CB08-4140-806B-DA76A3AA3E8D}.LIB Release|Win32.Build.0 = Release|Win32
		{4DF22B7B-CB08-4140-806B-DA76A3AA3E8D}.Release|Win32.ActiveCfg = Release|Win32
		{4DF22B7B-CB08-4140-806B-DA76A3AA3E8D}.Release|Win32.Build.0 = Release|Win32
		{0039884E-1AF1-4FFD-B864-7A386353C88F}.Debug|Win32.ActiveCfg = LIB ASM Debug|Win32
		{0039884E-1AF1-4FFD-B864-7A386353C88F}.Debug|Win32.Build.0 = LIB ASM Debug|Win32
		{0039884E-1AF1-4FFD-B864-7A386353C88F}.DLL ASM Debug|Win32.ActiveCfg = DLL ASM Debug|Win32
		{0039884E-1AF1-4FFD-B864-7A386353C88F}.DLL ASM Debug|Win32.Build.0 = DLL ASM Debug|Win32
		{0039884E-1AF1-4FFD-B864-7A386353C88F}.DLL ASM Release|Win32.ActiveCfg = DLL ASM Release|Win32
		{0039884E-1AF1-4FFD-B864-7A386353C88F}.DLL ASM Release|Win32.Build.0 = DLL ASM Release|Win32
		{0039884E-1AF1-4FFD-B864-7A386353C88F}.DLL Debug|Win32.ActiveCfg = DLL Debug|Win32
		{0039884E-1AF1-4FFD-B864-7A386353C88F}.DLL Debug|Win32.Build.0 = DLL Debug|Win32
		{0039884E-1AF1-4FFD-B864-7A386353C88F}.DLL Release|Win32.ActiveCfg = DLL Release|Win32
		{0039884E-1AF1-4FFD-B864-7A386353C88F}.DLL Release|Win32.Build.0 = DLL Release|Win32
		{0039884E-1AF1-4FFD-B864-7A386353C88F}.LIB ASM Debug|Win32.ActiveCfg = LIB ASM Debug|Win32
		{0039884E-1AF1-4FFD-B864-7A386353C88F}.LIB ASM Debug|Win32.Build.0 = LIB ASM Debug|Win32
		{0039884E-1AF1-4FFD-B864-7A386353C88F}.LIB ASM Release|Win32.ActiveCfg = LIB ASM Release|Win32
		{0039884E-1AF1-4FFD-B864-7A386353C88F}.LIB ASM Release|Win32.Build.0 = LIB ASM Release|Win32
		{0039884E-1AF1-4FFD-B864-7A386353C88F}.LIB Debug|Win32.ActiveCfg = LIB Debug|Win32
		{0039884E-1AF1-4FFD-B864-7A386353C88F}.LIB Debug|Win32.Build.0 = LIB Debug|Win32
		{0039884E-1AF1-4FFD-B864-7A386353C88F}.LIB Release|Win32.ActiveCfg = LIB Release|Win32
		{0039884E-1AF1-4FFD-B864-7A386353C88F}.LIB Release|Win32.Build.0 = LIB Release|Win32
		{0039884E-1AF1-4FFD-B864-7A386353C88F}.Release|Win32.ActiveCfg = LIB ASM Release|Win32
		{0039884E-1AF1-4FFD-B864-7A386353C88F}.Release|Win32.Build.0 = LIB ASM Release|Win32
		{CA71DFC8-3FEC-41B2-B927-9FD0669A8293}.Debug|Win32.ActiveCfg = Debug|Win32
		{CA71DFC8-3FEC-41B2-B927-9FD0669A8293}.Debug|Win32.Build.0 = Debug|Win32
		{CA71DFC8-3FEC-41B2-B927-9FD0669A8293}.DLL ASM Debug|Win32.ActiveCfg = Debug|Win32
		{CA71DFC8-3FEC-41B2-B927-9FD0669A8293}.DLL ASM Debug|Win32.Build.0 = Debug|Win32
		{CA71DFC8-3FEC-41B2-B927-9FD0669A8293}.DLL ASM Release|Win32.ActiveCfg = Release|Win32
		{CA71DFC8-3FEC-41B2-B927-9FD0669A8293}.DLL ASM Release|Win32.Build.0 = Release|Win32
		{CA71DFC8-3FEC-41B2-B927-9FD0669A8293}.DLL Debug|Win32.ActiveCfg = Debug|Win32
		{CA71DFC8-3FEC-41B2-B927-9FD0669A8293}.DLL Debug|Win32.Build.0 = Debug|Win32
		{CA71DFC8-3FEC-41B2-B927-9FD0669A8293}.DLL Release|Win32.ActiveCfg = Release|Win32
		{CA71DFC8-3FEC-41B2-B927-9FD0669A8293}.DLL Release|Win32.Build.0 = Release|Win32
		{CA71DFC8-3FEC-41B2-B927-9FD0669A8293}.LIB ASM Debug|Win32.ActiveCfg = Debug|Win32
		{CA71DFC8-3FEC-41B2-B927-9FD0669A8293}.LIB ASM Debug|Win32.Build.0 = Debug|Win32
		{CA71DFC8-3FEC-41B2-B927-9FD0669A8293}.LIB ASM Release|Win32.ActiveCfg = Release|Win32
		{CA71DFC8-3FEC-41B2-B927-9FD0669A8293}.LIB ASM Release|Win32.Build.0 = Release|Win32
		{CA71DFC8-3FEC-41B2-B927-9FD0669A8293}.LIB Debug|Win32.ActiveCfg = Debug|Win32
		{CA71DFC8-3FEC-41B2-B927-9FD0669A8293}.LIB Debug|Win32.Build.0 = Debug|Win32
		{CA71DFC8-3FEC-41B2-B927-9FD0669A8293}.LIB Release|Win32.ActiveCfg = Release|Win32
		{CA71DFC8-3FEC-41B2-B927-9FD0669A8293}.LIB Release|Win32.Build.0 = Release|Win32
		{CA71DFC8-3FEC-41B2-B927-9FD0669A8293}.Release|Win32.ActiveCfg = Release|Win32
		{CA71DFC8-3FEC-41B2-B927-9FD0669A8293}.Release|Win32.Build.0 = Release|Win32
		{9F837F6B-EDD2-4F25-A881-EB09E17C6CA4}.Debug|Win32.ActiveCfg = Debug|Win32
		{9F837F6B-EDD2-4F25-A881-EB09E17C6CA4}.Debug|Win32.Build.0 = Debug|Win32
		{9F837F6B-EDD2-4F25-A881-EB09E17C6CA4}.DLL ASM Debug|Win32.ActiveCfg = Debug|Win32
		{9F837F6B-EDD2-4F25-A881-EB09E17C6CA4}.DLL ASM Debug|Win32.Build.0 = Debug|Win32
		{9F837F6B-EDD2-4F25-A881-EB09E17C6CA4}.DLL ASM Release|Win32.ActiveCfg = Release|Win32
		{9F837F6B-EDD2-4F25-A881-EB09E17C6CA4}.DLL ASM Release|Win32.Build.0 = Release|Win32
		{9F837F6B-EDD2-4F25-A881-EB09E17C6CA4}.DLL Debug|Win32.ActiveCfg = Debug|Win32
		{9F837F6B-EDD2-4F25-A881-EB09E17C6CA4}.DLL Debug|Win32.Build.0 = Debug|Win32
		{9F837F6B-EDD2-4F25-A881-EB09E17C6CA4}.DLL Release|Win32.ActiveCfg = Release|Win32
		{9F837F6B-EDD2-4F25-A881-EB09E17C6CA4}.DLL Release|Win32.Build.0 = Release|Win32
		{9F837F6B-EDD2-4F25-A881-EB09E17C6CA4}.LIB ASM Debug|Win32.ActiveCfg = Debug|Win32
		{9F837F6B-EDD2-4F25-A881-EB09E17C6CA4}.LIB ASM Debug|Win32.Build.0 = Debug|Win32
		{9F837F6B-EDD2-4F25-A881-EB09E17C6CA4}.LIB ASM Release|Win32.ActiveCfg = Release|Win32
		{9F837F6B-EDD2-4F25-A881-EB09E17C6CA4}.LIB ASM Release|Win32.Build.0 = Release|Win32
		{9F837F6B-EDD2-4F25-A881-EB09E17C6CA4}.LIB Debug|Win32.ActiveCfg = Debug|Win32
		{9F837F6B-EDD2-4F25-A881-EB09E17C6CA4}.LIB Debug|Win32.Build.0 = Debug|Win32
		{9F837F6B-EDD2-4F25-A881-EB09E17C6CA4}.LIB Release|Win32.ActiveCfg = Release|Win32
		{9F837F6B-EDD2-4F25-A881-EB09E17C6CA4}.LIB Release|Win32.Build.0 = Release|Win32
		{9F837F6B-EDD2-4F25-A881-EB09E17C6CA4}.Release|Win32.ActiveCfg = Release|Win32
		{9F837F6B-EDD2-4F25-A881-EB09E17C6CA4}.Release|Win32.Build.0 = Release|Win32
		{A04C4943-4C45-4675-990D-C1EAE9A9F155}.Debug|Win32.ActiveCfg = Debug|Win32
		{A04C4943-4C45-4675-990D-C1EAE9A9F155}.Debug|Win32.Build.0 = Debug|Win32
		{A04C4943-4C45-4675-990D-C1EAE9A9F155}.DLL ASM Debug|Win32.ActiveCfg = Debug|Win32
		{A04C4943-4C45-4675-990D-C1EAE9A9F155}.DLL ASM Debug|Win32.Build.0 = Debug|Win32
		{A04C4943-4C45-4675-990D-C1EAE9A9F155}.DLL ASM Release|Win32.ActiveCfg = Release|Win32
		{A04C4943-4C45-4675-990D-C1EAE9A9F155}.DLL ASM Release|Win32.Build.0 = Release|Win32
		{A04C4943-4C45-4675-990D-C1EAE9A9F155}.DLL Debug|Win32.ActiveCfg = Debug|Win32
		{A04C4943-4C45-4675-990D-C1EAE9A9F155}.DLL Debug|Win32.Build.0 = Debug|Win32
		{A04C4943-4C45-4675-990D-C1EAE9A9F155}.DLL Release|Win32.ActiveCfg = Release|Win32
		{A04C4943-4C45-4675-990D-C1EAE9A9F155}.DLL Release|Win32.Build.0 = Release|Win32
		{A04C4943-4C45-4675-990D-C1EAE9A9F155}.LIB ASM Debug|Win32.ActiveCfg = Debug|Win32
		{A04C4943-4C45-4675-990D-C1EAE9A9F155}.LIB ASM Debug|Win32.Build.0 = Debug|Win32
		{A04C4943-4C45-4675-990D-C1EAE9A9F155}.LIB ASM Release|Win32.ActiveCfg = Release|Win32
		{A04C4943-4C45-4675-990D-C1EAE9A9F155}.LIB ASM Release|Win32.Build.0 = Release|Win32
		{A04C4943-4C45-4675-990D-C1EAE9A9F155}.LIB Debug|Win32.ActiveCfg = Debug|Win32
		{A04C4943-4C45-4675-990D-C1EAE9A9F155}.LIB Debug|Win32.Build.0 = Debug|Win32
		{A04C4943-4C45-4675-990D-C1EAE9A9F155}.LIB Release|Win32.ActiveCfg = Release|Win32
		{A04C4943-4C45-4675-990D-C1EAE9A9F155}.LIB Release|Win32.Build.0 = Release|Win32
		{A04C4943-4C45-4675-990D-C1EAE9A9F155}.Release|Win32.ActiveCfg = Release|Win32
		{A04C4943-4C45-4675-990D-C1EAE9A9F155}.Release|Win32.Build.0 = Release|Win32
		{8BE7D827-B658-43AB-A80A-8BE2B4D908C5}.Debug|Win32.ActiveCfg = Debug|Win32
		{8BE7D827-B658-43AB-A80A-8BE2B4D908C5}.Debug|Win32.Build.0 = Debug|Win32
		{8BE7D827-B658-43AB-A80A-8BE2B4D908C5}.DLL ASM Debug|Win32.ActiveCfg = Debug|Win32
		{8BE7D827-B658-43AB-A80A-8BE2B4D908C5}.DLL ASM Debug|Win32.Build.0 = Debug|Win32
		{8BE7D827-B658-43AB-A80A-8BE2B4D908C5}.DLL ASM Release|Win32.ActiveCfg = Release|Win32
		{8BE7D827-B658-43AB-A80A-8BE2B4D908C5}.DLL ASM Release|Win32.Build.0 = Release|Win32
		{8BE7D827-B658-43AB-A80A-8BE2B4D908C5}.DLL Debug|Win32.ActiveCfg = Debug|Win32
		{8BE7D827-B658-43AB-A80A-8BE2B4D908C5}.DLL Debug|Win32.Build.0 = Debug|Win32
		{8BE7D827-B658-43AB-A80A-8BE2B4D908C5}.DLL Release|Win32.ActiveCfg = Release|Win32
		{8BE7D827-B658-43AB-A80A-8BE2B4D908C5}.DLL Release|Win32.Build.0 = Release|Win32
		{8BE7D827-B658-43AB-A80A-8BE2B4D908C5}.LIB ASM Debug|Win32.ActiveCfg = Debug|Win32
		{8BE7D827-B658-43AB-A80A-8BE2B4D908C5}.LIB ASM Debug|Win32.Build.0 = Debug|Win32
		{8BE7D827-B658-43AB-A80A-8BE2B4D908C5}.LIB ASM Release|Win32.ActiveCfg = Release|Win32
		{8BE7D827-B658-43AB-A80A-8BE2B4D908C5}.LIB ASM Release|Win32.Build.0 = Release|Win32
		{8BE7D827-B658-43AB-A80A-8BE2B4D908C5}.LIB Debug|Win32.ActiveCfg = Debug|Win32
		{8BE7D827-B658-43AB-A80A-8BE2B4D908C5}.LIB Debug|Win32.Build.0 = Debug|Win32
		{8BE7D827-B658-43AB-A80A-8BE2B4D908C5}.LIB Release|Win32.ActiveCfg = Release|Win32
		{8BE7D827-B658-43AB-A80A-8BE2B4D908C5}.LIB Release|Win32.Build.0 = Release|Win32
		{8BE7D827-B658-43AB-A80A-8BE2B4D908C5}.Release|Win32.ActiveCfg = Release|Win32
		{8BE7D827-B658-43AB-A80A-8BE2B4D908C5}.Release|Win32.Build.0 = Release|Win32
		{41164D62-6A66-4CCF-891D-F550B52BCF8C}.Debug|Win32.ActiveCfg = Debug|Win32
		{41164D62-6A66-4CCF-891D-F550B52BCF8C}.Debug|Win32.Build.0 = Debug|Win32
		{41164D62-6A66-4CCF-891D-F550B52BCF8C}.DLL ASM Debug|Win32.ActiveCfg = Debug|Win32
		{41164D62-6A66-4CCF-891D-F550B52BCF8C}.DLL ASM Debug|Win32.Build.0 = Debug|Win32
		{41164D62-6A66-4CCF-891D-F550B52BCF8C}.DLL ASM Release|Win32.ActiveCfg = Release|Win32
		{41164D62-6A66-4CCF-891D-F550B52BCF8C}.DLL ASM Release|Win32.Build.0 = Release|Win32
		{41164D62-6A66-4CCF-891D-F550B52BCF8C}.DLL Debug|Win32.ActiveCfg = Debug|Win32
		{41164D62-6A66-4CCF-891D-F550B52BCF8C}.DLL Debug|Win32.Build.0 = Debug|Win32
		{41164D62-6A66-4CCF-891D-F550B52BCF8C}.DLL Release|Win32.ActiveCfg = Release|Win32
		{41164D62-6A66-4CCF-891D-F550B52BCF8C}.DLL Release|Win32.Build.0 = Release|Win32
		{41164D62-6A66-4CCF-891D-F550B52BCF8C}.LIB ASM Debug|Win32.ActiveCfg = Debug|Win32
		{41164D62-6A66-4CCF-891D-F550B52BCF8C}.LIB ASM Debug|Win32.Build.0 = Debug|Win32
		{41164D62-6A66-4CCF-891D-F550B52BCF8C}.LIB ASM Release|Win32.ActiveCfg = Release|Win32
		{41164D62-6A66-4CCF-891D-F550B52BCF8C}.LIB ASM Release|Win32.Build.0 = Release|Win32
		{41164D62-6A66-4CCF-891D-F550B52BCF8C}.LIB Debug|Win32.ActiveCfg = Debug|Win32
		{41164D62-6A66-4CCF-891D-F550B52BCF8C}.LIB Debug|Win32.Build.0 = Debug|Win32
		{41164D62-6A66-4CCF-891D-F550B52BCF8C}.LIB Release|Win32.ActiveCfg = Release|Win32
		{41164D62-6A66-4CCF-891D-F550B52BCF8C}.LIB Release|Win32.Build.0 = Release|Win32
		{41164D62-6A66-4CCF-891D-F550B52BCF8C}.Release|Win32.ActiveCfg = Release|Win32
		{41164D62-6A66-4CCF-891D-F550B52BCF8C}.Release|Win32.Build.0 = Release|Win32
		{68A3E874-2F6F-4CBF-8EF2-7E01A72D87A6}.Debug|Win32.ActiveCfg = Debug|Win32
		{68A3E874-2F6F-4CBF-8EF2-7E01A72D87A6}.Debug|Win32.Build.0 = Debug|Win32
		{68A3E874-2F6F-4CBF-8EF2-7E01A72D87A6}.DLL ASM Debug|Win32.ActiveCfg = Debug|Win32
		{68A3E874-2F6F-4CBF-8EF2-7E01A72D87A6}.DLL ASM Debug|Win32.Build.0 = Debug|Win32
		{68A3E874-2F6F-4CBF-8EF2-7E01A72D87A6}.DLL ASM Release|Win32.ActiveCfg = Release|Win32
		{68A3E874-2F6F-4CBF-8EF2-7E01A72D87A6}.DLL ASM Release|Win32.Build.0 = Release|Win32
		{68A3E874-2F6F-4CBF-8EF2-7E01A72D87A6}.DLL Debug|Win32.ActiveCfg = Debug|Win32
		{68A3E874-2F6F-4CBF-8EF2-7E01A72D87A6}.DLL Debug|Win32.Build.0 = Debug|Win32
		{68A3E874-2F6F-4CBF-8EF2-7E01A72D87A6}.DLL Release|Win32.ActiveCfg = Release|Win32
		{68A3E874-2F6F-4CBF-8EF2-7E01A72D87A6}.DLL Release|Win32.Build.0 = Release|Win32
		{68A3E874-2F6F-4CBF-8EF2-7E01A72D87A6}.LIB ASM Debug|Win32.ActiveCfg = Debug|Win32
		{68A3E874-2F6F-4CBF-8EF2-7E01A72D87A6}.LIB ASM Debug|Win32.Build.0 = Debug|Win32
		{68A3E874-2F6F-4CBF-8EF2-7E01A72D87A6}.LIB ASM Release|Win32.ActiveCfg = Release|Win32
		{68A3E874-2F6F-4CBF-8EF2-7E01A72D87A6}.LIB ASM Release|Win32.Build.0 = Release|Win32
		{68A3E874-2F6F-4CBF-8EF2-7E01A72D87A6}.LIB Debug|Win32.ActiveCfg = Debug|Win32
		{68A3E874-2F6F-4CBF-8EF2-7E01A72D87A6}.LIB Debug|Win32.Build.0 = Debug|Win32
		{68A3E874-2F6F-4CBF-8EF2-7E01A72D87A6}.LIB Release|Win32.ActiveCfg = Release|Win32
		{68A3E874-2F6F-4CBF-8EF2-7E01A72D87A6}.LIB Release|Win32.Build.0 = Release|Win32
		{68A3E874-2F6F-4CBF-8EF2-7E01A72D87A6}.Release|Win32.ActiveCfg = Release|Win32
		{68A3E874-2F6F-4CBF-8EF2-7E01A72D87A6}.Release|Win32.Build.0 = Release|Win32
		{50CD3C85-17F6-4FD5-8467-26C7EE82AA7F}.Debug|Win32.ActiveCfg = Debug|Win32
		{50CD3C85-17F6-4FD5-8467-26C7EE82AA7F}.Debug|Win32.Build.0 = Debug|Win32
		{50CD3C85-17F6-4FD5-8467-26C7EE82AA7F}.DLL ASM Debug|Win32.ActiveCfg = Debug|Win32
		{50CD3C85-17F6-4FD5-8467-26C7EE82AA7F}.DLL ASM Debug|Win32.Build.0 = Debug|Win32
		{50CD3C85-17F6-4FD5-8467-26C7EE82AA7F}.DLL ASM Release|Win32.ActiveCfg = Release|Win32
		{50CD3C85-17F6-4FD5-8467-26C7EE82AA7F}.DLL ASM Release|Win32.Build.0 = Release|Win32
		{50CD3C85-17F6-4FD5-8467-26C7EE82AA7F}.DLL Debug|Win32.ActiveCfg = Debug|Win32
		{50CD3C85-17F6-4FD5-8467-26C7EE82AA7F}.DLL Debug|Win32.Build.0 = Debug|Win32
		{50CD3C85-17F6-4FD5-8467-26C7EE82AA7F}.DLL Release|Win32.ActiveCfg = Release|Win32
		{50CD3C85-17F6-4FD5-8467-26C7EE82AA7F}.DLL Release|Win32.Build.0 = Release|Win32
		{50CD3C85-17F6-4FD5-8467-26C7EE82AA7F}.LIB ASM Debug|Win32.ActiveCfg = Debug|Win32
		{50CD3C85-17F6-4FD5-8467-26C7EE82AA7F}.LIB ASM Debug|Win32.Build.0 = Debug|Win32
		{50CD3C85-17F6-4FD5-8467-26C7EE82AA7F}.LIB ASM Release|Win32.ActiveCfg = Release|Win32
		{50CD3C85-17F6-4FD5-8467-26C7EE82AA7F}.LIB ASM Release|Win32.Build.0 = Release|Win32
		{50CD3C85-17F6-4FD5-8467-26C7EE82AA7F}.LIB Debug|Win32.ActiveCfg = Debug|Win32
		{50CD3C85-17F6-4FD5-8467-26C7EE82AA7F}.LIB Debug|Win32.Build.0 = Debug|Win32
		{50CD3C85-17F6-4FD5-8467-26C7EE82AA7F}.LIB Release|Win32.ActiveCfg = Release|Win32
		{50CD3C85-17F6-4FD5-8467-26C7EE82AA7F}.LIB Release|Win32.Build.0 = Release|Win32
		{50CD3C85-17F6-4FD5-8467-26C7EE82AA7F}.Release|Win32.ActiveCfg = Release|Win32
		{50CD3C85-17F6-4FD5-8467-26C7EE82AA7F}.Release|Win32.Build.0 = Release|Win32
		{4C94433E-6DAB-4435-B2FB-5F53C970A461}.Debug|Win32.ActiveCfg = Debug|Win32
		{4C94433E-6DAB-4435-B2FB-5F53C970A461}.Debug|Win32.Build.0 = Debug|Win32
		{4C94433E-6DAB-4435-B2FB-5F53C970A461}.DLL ASM Debug|Win32.ActiveCfg = Debug|Win32
		{4C94433E-6DAB-4435-B2FB-5F53C970A461}.DLL ASM Debug|Win32.Build.0 = Debug|Win32
		{4C94433E-6DAB-4435-B2FB-5F53C970A461}.DLL ASM Release|Win32.ActiveCfg = Release|Win32
		{4C94433E-6DAB-4435-B2FB-5F53C970A461}.DLL ASM Release|Win32.Build.0 = Release|Win32
		{4C94433E-6DAB-4435-B2FB-5F53C970A461}.DLL Debug|Win32.ActiveCfg = Debug|Win32
		{4C94433E-6DAB-4435-B2FB-5F53C970A461}.DLL Debug|Win32.Build.0 = Debug|Win32
		{4C94433E-6DAB-4435-B2FB-5F53C970A461}.DLL Release|Win32.ActiveCfg = Release|Win32
		{4C94433E-6DAB-4435-B2FB-5F53C970A461}.DLL Release|Win32.Build.0 = Release|Win32
		{4C94433E-6DAB-4435-B2FB-5F53C970A461}.LIB ASM Debug|Win32.ActiveCfg = Debug|Win32
		{4C94433E-6DAB-4435-B2FB-5F53C970A461}.LIB ASM Debug|Win32.Build.0 = Debug|Win32
		{4C94433E-6DAB-4435-B2FB-5F53C970A461}.LIB ASM Release|Win32.ActiveCfg = Release|Win32
		{4C94433E-6DAB-4435-B2FB-5F53C970A461}.LIB ASM Release|Win32.Build.0 = Release|Win32
		{4C94433E-6DAB-4435-B2FB-5F53C970A461}.LIB Debug|Win32.ActiveCfg = Debug|Win32
		{4C94433E-6DAB-4435-B2FB-5F53C970A461}.LIB Debug|Win32.Build.0 = Debug|Win32
		{4C94433E-6DAB-4435-B2FB-5F53C970A461}.LIB Release|Win32.ActiveCfg = Release|Win32
		{4C94433E-6DAB-4435-B2FB-5F53C970A461}.LIB Release|Win32.Build.0 = Release|Win32
		{4C94433E-6DAB-4435-B2FB-5F53C970A461}.Release|Win32.ActiveCfg = Release|Win32
		{4C94433E-6DAB-4435-B2FB-5F53C970A461}.Release|Win32.Build.0 = Release|Win32
		{76F5E41D-1713-4CD7-9160-DEBF2F63D651}.Debug|Win32.ActiveCfg = Debug|Win32
		{76F5E41D-1713-4CD7-9160-DEBF2F63D651}.Debug|Win32.Build.0 = Debug|Win32
		{76F5E41D-1713-4CD7-9160-DEBF2F63D651}.DLL ASM Debug|Win32.ActiveCfg = Debug|Win32
		{76F5E41D-1713-4CD7-9160-DEBF2F63D651}.DLL ASM Debug|Win32.Build.0 = Debug|Win32
		{76F5E41D-1713-4CD7-9160-DEBF2F63D651}.DLL ASM Release|Win32.ActiveCfg = Release|Win32
		{76F5E41D-1713-4CD7-9160-DEBF2F63D651}.DLL ASM Release|Win32.Build.0 = Release|Win32
		{76F5E41D-1713-4CD7-9160-DEBF2F63D651}.DLL Debug|Win32.ActiveCfg = Debug|Win32
		{76F5E41D-1713-4CD7-9160-DEBF2F63D651}.DLL Debug|Win32.Build.0 = Debug|Win32
		{76F5E41D-1713-4CD7-9160-DEBF2F63D651}.DLL Release|Win32.ActiveCfg = Release|Win32
		{76F5E41D-1713-4CD7-9160-DEBF2F63D651}.DLL Release|Win32.Build.0 = Release|Win32
		{76F5E41D-1713-4CD7-9160-DEBF2F63D651}.LIB ASM Debug|Win32.ActiveCfg = Debug|Win32
		{76F5E41D-1713-4CD7-9160-DEBF2F63D651}.LIB ASM Debug|Win32.Build.0 = Debug|Win32
		{76F5E41D-1713-4CD7-9160-DEBF2F63D651}.LIB ASM Release|Win32.ActiveCfg = Release|Win32
		{76F5E41D-1713-4CD7-9160-DEBF2F63D651}.LIB ASM Release|Win32.Build.0 = Release|Win32
		{76F5E41D-1713-4CD7-9160-DEBF2F63D651}.LIB Debug|Win32.ActiveCfg = Debug|Win32
		{76F5E41D-1713-4CD7-9160-DEBF2F63D651}.LIB Debug|Win32.Build.0 = Debug|Win32
		{76F5E41D-1713-4CD7-9160-DEBF2F63D651}.LIB Release|Win32.ActiveCfg = Release|Win32
		{76F5E41D-1713-4CD7-9160-DEBF2F63D651}.LIB Release|Win32.Build.0 = Release|Win32
		{76F5E41D-1713-4CD7-9160-DEBF2F63D651}.Release|Win32.ActiveCfg = Release|Win32
		{76F5E41D-1713-4CD7-9160-DEBF2F63D651}.Release|Win32.Build.0 = Release|Win32
		{5418215D-EE32-42B5-B2F2-59F6EC623F10}.Debug|Win32.ActiveCfg = Debug|Win32
		{5418215D-EE32-42B5-B2F2-59F6EC623F10}.Debug|Win32.Build.0 = Debug|Win32
		{5418215D-EE32-42B5-B2F2-59F6EC623F10}.DLL ASM Debug|Win32.ActiveCfg = Debug|Win32
		{5418215D-EE32-42B5-B2F2-59F6EC623F10}.DLL ASM Debug|Win32.Build.0 = Debug|Win32
		{5418215D-EE32-42B5-B2F2-59F6EC623F10}.DLL ASM Release|Win32.ActiveCfg = Release|Win32
		{5418215D-EE32-42B5-B2F2-59F6EC623F10}.DLL ASM Release|Win32.Build.0 = Release|Win32
		{5418215D-EE32-42B5-B2F2-59F6EC623F10}.DLL Debug|Win32.ActiveCfg = Debug|Win32
		{5418215D-EE32-42B5-B2F2-59F6EC623F10}.DLL Debug|Win32.Build.0 = Debug|Win32
		{5418215D-EE32-42B5-B2F2-59F6EC623F10}.DLL Release|Win32.ActiveCfg = Release|Win32
		{5418215D-EE32-42B5-B2F2-59F6EC623F10}.DLL Release|Win32.Build.0 = Release|Win32
		{5418215D-EE32-42B5-B2F2-59F6EC623F10}.LIB ASM Debug|Win32.ActiveCfg = Debug|Win32
		{5418215D-EE32-42B5-B2F2-59F6EC623F10}.LIB ASM Debug|Win32.Build.0 = Debug|Win32
		{5418215D-EE32-42B5-B2F2-59F6EC623F10}.LIB ASM Release|Win32.ActiveCfg = Release|Win32
		{5418215D-EE32-42B5-B2F2-59F6EC623F10}.LIB ASM Release|Win32.Build.0 = Release|Win32
		{5418215D-EE32-42B5-B2F2-59F6EC623F10}.LIB Debug|Win32.ActiveCfg = Debug|Win32
		{5418215D-EE32-42B5-B2F2-59F6EC623F10}.LIB Debug|Win32.Build.0 = Debug|Win32
		{5418215D-EE32-42B5-B2F2-59F6EC623F10}.LIB Release|Win32.ActiveCfg = Release|Win32
		{5418215D-EE32-42B5-B2F2-59F6EC623F10}.LIB Release|Win32.Build.0 = Release|Win32
		{5418215D-EE32-42B5-B2F2-59F6EC623F10}.Release|Win32.ActiveCfg = Release|Win32
		{5418215D-EE32-42B5-B2F2-59F6EC623F10}.Release|Win32.Build.0 = Release|Win32
		{028E6FB4-1A3D-4045-A65B-B00D06FE8864}.Debug|Win32.ActiveCfg = Debug|Win32
		{028E6FB4-1A3D-4045-A65B-B00D06FE8864}.Debug|Win32.Build.0 = Debug|Win32
		{028E6FB4-1A3D-4045-A65B-B00D06FE8864}.DLL ASM Debug|Win32.ActiveCfg = Debug|Win32
		{028E6FB4-1A3D-4045-A65B-B00D06FE8864}.DLL ASM Debug|Win32.Build.0 = Debug|Win32
		{028E6FB4-1A3D-4045-A65B-B00D06FE8864}.DLL ASM Release|Win32.ActiveCfg = Release|Win32
		{028E6FB4-1A3D-4045-A65B-B00D06FE8864}.DLL ASM Release|Win32.Build.0 = Release|Win32
		{028E6FB4-1A3D-4045-A65B-B00D06FE8864}.DLL Debug|Win32.ActiveCfg = Debug|Win32
		{028E6FB4-1A3D-4045-A65B-B00D06FE8864}.DLL Debug|Win32.Build.0 = Debug|Win32
		{028E6FB4-1A3D-4045-A65B-B00D06FE8864}.DLL Release|Win32.ActiveCfg = Release|Win32
		{028E6FB4-1A3D-4045-A65B-B00D06FE8864}.DLL Release|Win32.Build.0 = Release|Win32
		{028E6FB4-1A3D-4045-A65B-B00D06FE8864}.LIB ASM Debug|Win32.ActiveCfg = Debug|Win32
		{028E6FB4-1A3D-4045-A65B-B00D06FE8864}.LIB ASM Debug|Win32.Build.0 = Debug|Win32
		{028E6FB4-1A3D-4045-A65B-B00D06FE8864}.LIB ASM Release|Win32.ActiveCfg = Release|Win32
		{028E6FB4-1A3D-4045-A65B-B00D06FE8864}.LIB ASM Release|Win32.Build.0 = Release|Win32
		{028E6FB4-1A3D-4045-A65B-B00D06FE8864}.LIB Debug|Win32.ActiveCfg = Debug|Win32
		{028E6FB4-1A3D-4045-A65B-B00D06FE8864}.LIB Debug|Win32.Build.0 = Debug|Win32
		{028E6FB4-1A3D-4045-A65B-B00D06FE8864}.LIB Release|Win32.ActiveCfg = Release|Win32
		{028E6FB4-1A3D-4045-A65B-B00D06FE8864}.LIB Release|Win32.Build.0 = Release|Win32
		{028E6FB4-1A3D-4045-A65B-B00D06FE8864}.Release|Win32.ActiveCfg = Release|Win32
		{028E6FB4-1A3D-4045-A65B-B00D06FE8864}.Release|Win32.Build.0 = Release|Win32
	EndGlobalSection
	GlobalSection(SolutionProperties) = preSolution
		HideSolutionNode = FALSE
	EndGlobalSection
EndGlobal
