
Microsoft Visual Studio Solution File, Format Version 10.00
# Visual Studio 2008
Project("{8BC9CEB8-8B4A-11D0-8D11-00A0C91BC942}") = "compiler_backend", "projects\compiler_backend\compiler_backend.vcproj", "{0FCA25E9-C3FB-4BA8-BB7D-CE55DB3135AD}"
EndProject
Project("{8BC9CEB8-8B4A-11D0-8D11-00A0C91BC942}") = "font_server", "projects\font_server\font_server.vcproj", "{E6D6C259-034B-4045-804D-6DB07D7D897D}"
EndProject
Project("{8BC9CEB8-8B4A-11D0-8D11-00A0C91BC942}") = "BasicDataStructures", "projects\BasicDataStructures\BasicDataStructures.vcproj", "{E97BF0CC-EB71-43A2-B4BA-8CB5F1E11214}"
EndProject
Project("{8BC9CEB8-8B4A-11D0-8D11-00A0C91BC942}") = "TestSuite", "projects\TestSuite\TestSuite.vcproj", "{509A97A0-019B-478F-BA5F-EF10C9D17E90}"
EndProject
Project("{8BC9CEB8-8B4A-11D0-8D11-00A0C91BC942}") = "SwfReader", "projects\SwfReader\SwfReader.vcproj", "{C2708EA1-55D1-4BFE-9F16-61BCC6AE2117}"
EndProject
Project("{8BC9CEB8-8B4A-11D0-8D11-00A0C91BC942}") = "zlib", "projects\zlib\zlib.vcproj", "{0039884E-1AF1-4FFD-B864-7A386353C88F}"
EndProject
Project("{8BC9CEB8-8B4A-11D0-8D11-00A0C91BC942}") = "PdfReader", "projects\PdfReader\PdfReader.vcproj", "{1D1D826D-C7FA-4BB3-A1CE-33BFE622B3C5}"
EndProject
Project("{8BC9CEB8-8B4A-11D0-8D11-00A0C91BC942}") = "XmlReader", "projects\XmlReader\XmlReader.vcproj", "{733736C2-83AC-4AE1-A6A3-8DAF4393573E}"
EndProject
Project("{8BC9CEB8-8B4A-11D0-8D11-00A0C91BC942}") = "VirtualMachine", "projects\VirtualMachine\VirtualMachine.vcproj", "{AE4C9F8E-29CD-4A63-8178-C1DFDC686B1E}"
EndProject
Project("{8BC9CEB8-8B4A-11D0-8D11-00A0C91BC942}") = "Html5Reader", "projects\Html5Reader\Html5Reader.vcproj", "{5CD1AAF7-719B-42D8-B3EE-3781F720DA5F}"
EndProject
Project("{8BC9CEB8-8B4A-11D0-8D11-00A0C91BC942}") = "GuiDataStructures", "projects\GuiDataStructures\GuiDataStructures.vcproj", "{0403DAC4-7C0F-41E5-9405-86A4DC16FBBA}"
EndProject
Project("{8BC9CEB8-8B4A-11D0-8D11-00A0C91BC942}") = "JpegDecoder", "projects\JpegDecoder\JpegDecoder.vcproj", "{3F318E85-97BA-4075-B94B-4EAFCB0AB63A}"
EndProject
Project("{8BC9CEB8-8B4A-11D0-8D11-00A0C91BC942}") = "GifDecoder", "projects\GifDecoder\GifDecoder.vcproj", "{19451F5D-23C9-46B9-B608-0C2D22B5483F}"
EndProject
Project("{8BC9CEB8-8B4A-11D0-8D11-00A0C91BC942}") = "GraphicsDataStructures", "projects\GraphicsDataStructures\GraphicsDataStructures.vcproj", "{AE3F0D3B-2A9B-4D2A-97AD-E6B526C43604}"
EndProject
Project("{8BC9CEB8-8B4A-11D0-8D11-00A0C91BC942}") = "GuiWin", "projects\GuiWin\GuiWin.vcproj", "{64A360E3-664D-4B8E-A7B3-E8B27437305D}"
EndProject
Global
	GlobalSection(SolutionConfigurationPlatforms) = preSolution
		Debug|Win32 = Debug|Win32
		DLL ASM Debug|Win32 = DLL ASM Debug|Win32
		DLL ASM Release|Win32 = DLL ASM Release|Win32
		DLL Debug|Win32 = DLL Debug|Win32
		DLL Release|Win32 = DLL Release|Win32
		LIB ASM Debug|Win32 = LIB ASM Debug|Win32
		LIB ASM Release|Win32 = LIB ASM Release|Win32
		LIB Debug|Win32 = LIB Debug|Win32
		LIB Release|Win32 = LIB Release|Win32
		Release|Win32 = Release|Win32
	EndGlobalSection
	GlobalSection(ProjectConfigurationPlatforms) = postSolution
		{0FCA25E9-C3FB-4BA8-BB7D-CE55DB3135AD}.Debug|Win32.ActiveCfg = Debug|Win32
		{0FCA25E9-C3FB-4BA8-BB7D-CE55DB3135AD}.Debug|Win32.Build.0 = Debug|Win32
		{0FCA25E9-C3FB-4BA8-BB7D-CE55DB3135AD}.DLL ASM Debug|Win32.ActiveCfg = Debug|Win32
		{0FCA25E9-C3FB-4BA8-BB7D-CE55DB3135AD}.DLL ASM Debug|Win32.Build.0 = Debug|Win32
		{0FCA25E9-C3FB-4BA8-BB7D-CE55DB3135AD}.DLL ASM Release|Win32.ActiveCfg = Release|Win32
		{0FCA25E9-C3FB-4BA8-BB7D-CE55DB3135AD}.DLL ASM Release|Win32.Build.0 = Release|Win32
		{0FCA25E9-C3FB-4BA8-BB7D-CE55DB3135AD}.DLL Debug|Win32.ActiveCfg = Debug|Win32
		{0FCA25E9-C3FB-4BA8-BB7D-CE55DB3135AD}.DLL Debug|Win32.Build.0 = Debug|Win32
		{0FCA25E9-C3FB-4BA8-BB7D-CE55DB3135AD}.DLL Release|Win32.ActiveCfg = Release|Win32
		{0FCA25E9-C3FB-4BA8-BB7D-CE55DB3135AD}.DLL Release|Win32.Build.0 = Release|Win32
		{0FCA25E9-C3FB-4BA8-BB7D-CE55DB3135AD}.LIB ASM Debug|Win32.ActiveCfg = Debug|Win32
		{0FCA25E9-C3FB-4BA8-BB7D-CE55DB3135AD}.LIB ASM Debug|Win32.Build.0 = Debug|Win32
		{0FCA25E9-C3FB-4BA8-BB7D-CE55DB3135AD}.LIB ASM Release|Win32.ActiveCfg = Release|Win32
		{0FCA25E9-C3FB-4BA8-BB7D-CE55DB3135AD}.LIB ASM Release|Win32.Build.0 = Release|Win32
		{0FCA25E9-C3FB-4BA8-BB7D-CE55DB3135AD}.LIB Debug|Win32.ActiveCfg = Debug|Win32
		{0FCA25E9-C3FB-4BA8-BB7D-CE55DB3135AD}.LIB Debug|Win32.Build.0 = Debug|Win32
		{0FCA25E9-C3FB-4BA8-BB7D-CE55DB3135AD}.LIB Release|Win32.ActiveCfg = Release|Win32
		{0FCA25E9-C3FB-4BA8-BB7D-CE55DB3135AD}.LIB Release|Win32.Build.0 = Release|Win32
		{0FCA25E9-C3FB-4BA8-BB7D-CE55DB3135AD}.Release|Win32.ActiveCfg = Release|Win32
		{0FCA25E9-C3FB-4BA8-BB7D-CE55DB3135AD}.Release|Win32.Build.0 = Release|Win32
		{E6D6C259-034B-4045-804D-6DB07D7D897D}.Debug|Win32.ActiveCfg = Debug|Win32
		{E6D6C259-034B-4045-804D-6DB07D7D897D}.Debug|Win32.Build.0 = Debug|Win32
		{E6D6C259-034B-4045-804D-6DB07D7D897D}.DLL ASM Debug|Win32.ActiveCfg = Debug|Win32
		{E6D6C259-034B-4045-804D-6DB07D7D897D}.DLL ASM Debug|Win32.Build.0 = Debug|Win32
		{E6D6C259-034B-4045-804D-6DB07D7D897D}.DLL ASM Release|Win32.ActiveCfg = Release|Win32
		{E6D6C259-034B-4045-804D-6DB07D7D897D}.DLL ASM Release|Win32.Build.0 = Release|Win32
		{E6D6C259-034B-4045-804D-6DB07D7D897D}.DLL Debug|Win32.ActiveCfg = Debug|Win32
		{E6D6C259-034B-4045-804D-6DB07D7D897D}.DLL Debug|Win32.Build.0 = Debug|Win32
		{E6D6C259-034B-4045-804D-6DB07D7D897D}.DLL Release|Win32.ActiveCfg = Release|Win32
		{E6D6C259-034B-4045-804D-6DB07D7D897D}.DLL Release|Win32.Build.0 = Release|Win32
		{E6D6C259-034B-4045-804D-6DB07D7D897D}.LIB ASM Debug|Win32.ActiveCfg = Debug|Win32
		{E6D6C259-034B-4045-804D-6DB07D7D897D}.LIB ASM Debug|Win32.Build.0 = Debug|Win32
		{E6D6C259-034B-4045-804D-6DB07D7D897D}.LIB ASM Release|Win32.ActiveCfg = Release|Win32
		{E6D6C259-034B-4045-804D-6DB07D7D897D}.LIB ASM Release|Win32.Build.0 = Release|Win32
		{E6D6C259-034B-4045-804D-6DB07D7D897D}.LIB Debug|Win32.ActiveCfg = Debug|Win32
		{E6D6C259-034B-4045-804D-6DB07D7D897D}.LIB Debug|Win32.Build.0 = Debug|Win32
		{E6D6C259-034B-4045-804D-6DB07D7D897D}.LIB Release|Win32.ActiveCfg = Release|Win32
		{E6D6C259-034B-4045-804D-6DB07D7D897D}.LIB Release|Win32.Build.0 = Release|Win32
		{E6D6C259-034B-4045-804D-6DB07D7D897D}.Release|Win32.ActiveCfg = Release|Win32
		{E6D6C259-034B-4045-804D-6DB07D7D897D}.Release|Win32.Build.0 = Release|Win32
		{E97BF0CC-EB71-43A2-B4BA-8CB5F1E11214}.Debug|Win32.ActiveCfg = Debug|Win32
		{E97BF0CC-EB71-43A2-B4BA-8CB5F1E11214}.Debug|Win32.Build.0 = Debug|Win32
		{E97BF0CC-EB71-43A2-B4BA-8CB5F1E11214}.DLL ASM Debug|Win32.ActiveCfg = Debug|Win32
		{E97BF0CC-EB71-43A2-B4BA-8CB5F1E11214}.DLL ASM Debug|Win32.Build.0 = Debug|Win32
		{E97BF0CC-EB71-43A2-B4BA-8CB5F1E11214}.DLL ASM Release|Win32.ActiveCfg = Release|Win32
		{E97BF0CC-EB71-43A2-B4BA-8CB5F1E11214}.DLL ASM Release|Win32.Build.0 = Release|Win32
		{E97BF0CC-EB71-43A2-B4BA-8CB5F1E11214}.DLL Debug|Win32.ActiveCfg = Debug|Win32
		{E97BF0CC-EB71-43A2-B4BA-8CB5F1E11214}.DLL Debug|Win32.Build.0 = Debug|Win32
		{E97BF0CC-EB71-43A2-B4BA-8CB5F1E11214}.DLL Release|Win32.ActiveCfg = Release|Win32
		{E97BF0CC-EB71-43A2-B4BA-8CB5F1E11214}.DLL Release|Win32.Build.0 = Release|Win32
		{E97BF0CC-EB71-43A2-B4BA-8CB5F1E11214}.LIB ASM Debug|Win32.ActiveCfg = Debug|Win32
		{E97BF0CC-EB71-43A2-B4BA-8CB5F1E11214}.LIB ASM Debug|Win32.Build.0 = Debug|Win32
		{E97BF0CC-EB71-43A2-B4BA-8CB5F1E11214}.LIB ASM Release|Win32.ActiveCfg = Release|Win32
		{E97BF0CC-EB71-43A2-B4BA-8CB5F1E11214}.LIB ASM Release|Win32.Build.0 = Release|Win32
		{E97BF0CC-EB71-43A2-B4BA-8CB5F1E11214}.LIB Debug|Win32.ActiveCfg = Debug|Win32
		{E97BF0CC-EB71-43A2-B4BA-8CB5F1E11214}.LIB Debug|Win32.Build.0 = Debug|Win32
		{E97BF0CC-EB71-43A2-B4BA-8CB5F1E11214}.LIB Release|Win32.ActiveCfg = Release|Win32
		{E97BF0CC-EB71-43A2-B4BA-8CB5F1E11214}.LIB Release|Win32.Build.0 = Release|Win32
		{E97BF0CC-EB71-43A2-B4BA-8CB5F1E11214}.Release|Win32.ActiveCfg = Release|Win32
		{E97BF0CC-EB71-43A2-B4BA-8CB5F1E11214}.Release|Win32.Build.0 = Release|Win32
		{509A97A0-019B-478F-BA5F-EF10C9D17E90}.Debug|Win32.ActiveCfg = Debug|Win32
		{509A97A0-019B-478F-BA5F-EF10C9D17E90}.Debug|Win32.Build.0 = Debug|Win32
		{509A97A0-019B-478F-BA5F-EF10C9D17E90}.DLL ASM Debug|Win32.ActiveCfg = Debug|Win32
		{509A97A0-019B-478F-BA5F-EF10C9D17E90}.DLL ASM Debug|Win32.Build.0 = Debug|Win32
		{509A97A0-019B-478F-BA5F-EF10C9D17E90}.DLL ASM Release|Win32.ActiveCfg = Release|Win32
		{509A97A0-019B-478F-BA5F-EF10C9D17E90}.DLL ASM Release|Win32.Build.0 = Release|Win32
		{509A97A0-019B-478F-BA5F-EF10C9D17E90}.DLL Debug|Win32.ActiveCfg = Debug|Win32
		{509A97A0-019B-478F-BA5F-EF10C9D17E90}.DLL Debug|Win32.Build.0 = Debug|Win32
		{509A97A0-019B-478F-BA5F-EF10C9D17E90}.DLL Release|Win32.ActiveCfg = Release|Win32
		{509A97A0-019B-478F-BA5F-EF10C9D17E90}.DLL Release|Win32.Build.0 = Release|Win32
		{509A97A0-019B-478F-BA5F-EF10C9D17E90}.LIB ASM Debug|Win32.ActiveCfg = Debug|Win32
		{509A97A0-019B-478F-BA5F-EF10C9D17E90}.LIB ASM Debug|Win32.Build.0 = Debug|Win32
		{509A97A0-019B-478F-BA5F-EF10C9D17E90}.LIB ASM Release|Win32.ActiveCfg = Release|Win32
		{509A97A0-019B-478F-BA5F-EF10C9D17E90}.LIB ASM Release|Win32.Build.0 = Release|Win32
		{509A97A0-019B-478F-BA5F-EF10C9D17E90}.LIB Debug|Win32.ActiveCfg = Debug|Win32
		{509A97A0-019B-478F-BA5F-EF10C9D17E90}.LIB Debug|Win32.Build.0 = Debug|Win32
		{509A97A0-019B-478F-BA5F-EF10C9D17E90}.LIB Release|Win32.ActiveCfg = Release|Win32
		{509A97A0-019B-478F-BA5F-EF10C9D17E90}.LIB Release|Win32.Build.0 = Release|Win32
		{509A97A0-019B-478F-BA5F-EF10C9D17E90}.Release|Win32.ActiveCfg = Release|Win32
		{509A97A0-019B-478F-BA5F-EF10C9D17E90}.Release|Win32.Build.0 = Release|Win32
		{C2708EA1-55D1-4BFE-9F16-61BCC6AE2117}.Debug|Win32.ActiveCfg = Debug|Win32
		{C2708EA1-55D1-4BFE-9F16-61BCC6AE2117}.Debug|Win32.Build.0 = Debug|Win32
		{C2708EA1-55D1-4BFE-9F16-61BCC6AE2117}.DLL ASM Debug|Win32.ActiveCfg = Debug|Win32
		{C2708EA1-55D1-4BFE-9F16-61BCC6AE2117}.DLL ASM Debug|Win32.Build.0 = Debug|Win32
		{C2708EA1-55D1-4BFE-9F16-61BCC6AE2117}.DLL ASM Release|Win32.ActiveCfg = Release|Win32
		{C2708EA1-55D1-4BFE-9F16-61BCC6AE2117}.DLL ASM Release|Win32.Build.0 = Release|Win32
		{C2708EA1-55D1-4BFE-9F16-61BCC6AE2117}.DLL Debug|Win32.ActiveCfg = Debug|Win32
		{C2708EA1-55D1-4BFE-9F16-61BCC6AE2117}.DLL Debug|Win32.Build.0 = Debug|Win32
		{C2708EA1-55D1-4BFE-9F16-61BCC6AE2117}.DLL Release|Win32.ActiveCfg = Release|Win32
		{C2708EA1-55D1-4BFE-9F16-61BCC6AE2117}.DLL Release|Win32.Build.0 = Release|Win32
		{C2708EA1-55D1-4BFE-9F16-61BCC6AE2117}.LIB ASM Debug|Win32.ActiveCfg = Debug|Win32
		{C2708EA1-55D1-4BFE-9F16-61BCC6AE2117}.LIB ASM Debug|Win32.Build.0 = Debug|Win32
		{C2708EA1-55D1-4BFE-9F16-61BCC6AE2117}.LIB ASM Release|Win32.ActiveCfg = Release|Win32
		{C2708EA1-55D1-4BFE-9F16-61BCC6AE2117}.LIB ASM Release|Win32.Build.0 = Release|Win32
		{C2708EA1-55D1-4BFE-9F16-61BCC6AE2117}.LIB Debug|Win32.ActiveCfg = Debug|Win32
		{C2708EA1-55D1-4BFE-9F16-61BCC6AE2117}.LIB Debug|Win32.Build.0 = Debug|Win32
		{C2708EA1-55D1-4BFE-9F16-61BCC6AE2117}.LIB Release|Win32.ActiveCfg = Release|Win32
		{C2708EA1-55D1-4BFE-9F16-61BCC6AE2117}.LIB Release|Win32.Build.0 = Release|Win32
		{C2708EA1-55D1-4BFE-9F16-61BCC6AE2117}.Release|Win32.ActiveCfg = Release|Win32
		{C2708EA1-55D1-4BFE-9F16-61BCC6AE2117}.Release|Win32.Build.0 = Release|Win32
		{0039884E-1AF1-4FFD-B864-7A386353C88F}.Debug|Win32.ActiveCfg = LIB ASM Debug|Win32
		{0039884E-1AF1-4FFD-B864-7A386353C88F}.Debug|Win32.Build.0 = LIB ASM Debug|Win32
		{0039884E-1AF1-4FFD-B864-7A386353C88F}.DLL ASM Debug|Win32.ActiveCfg = DLL ASM Debug|Win32
		{0039884E-1AF1-4FFD-B864-7A386353C88F}.DLL ASM Debug|Win32.Build.0 = DLL ASM Debug|Win32
		{0039884E-1AF1-4FFD-B864-7A386353C88F}.DLL ASM Release|Win32.ActiveCfg = DLL ASM Release|Win32
		{0039884E-1AF1-4FFD-B864-7A386353C88F}.DLL ASM Release|Win32.Build.0 = DLL ASM Release|Win32
		{0039884E-1AF1-4FFD-B864-7A386353C88F}.DLL Debug|Win32.ActiveCfg = DLL Debug|Win32
		{0039884E-1AF1-4FFD-B864-7A386353C88F}.DLL Debug|Win32.Build.0 = DLL Debug|Win32
		{0039884E-1AF1-4FFD-B864-7A386353C88F}.DLL Release|Win32.ActiveCfg = DLL Release|Win32
		{0039884E-1AF1-4FFD-B864-7A386353C88F}.DLL Release|Win32.Build.0 = DLL Release|Win32
		{0039884E-1AF1-4FFD-B864-7A386353C88F}.LIB ASM Debug|Win32.ActiveCfg = LIB ASM Debug|Win32
		{0039884E-1AF1-4FFD-B864-7A386353C88F}.LIB ASM Debug|Win32.Build.0 = LIB ASM Debug|Win32
		{0039884E-1AF1-4FFD-B864-7A386353C88F}.LIB ASM Release|Win32.ActiveCfg = LIB ASM Release|Win32
		{0039884E-1AF1-4FFD-B864-7A386353C88F}.LIB ASM Release|Win32.Build.0 = LIB ASM Release|Win32
		{0039884E-1AF1-4FFD-B864-7A386353C88F}.LIB Debug|Win32.ActiveCfg = LIB Debug|Win32
		{0039884E-1AF1-4FFD-B864-7A386353C88F}.LIB Debug|Win32.Build.0 = LIB Debug|Win32
		{0039884E-1AF1-4FFD-B864-7A386353C88F}.LIB Release|Win32.ActiveCfg = LIB Release|Win32
		{0039884E-1AF1-4FFD-B864-7A386353C88F}.LIB Release|Win32.Build.0 = LIB Release|Win32
		{0039884E-1AF1-4FFD-B864-7A386353C88F}.Release|Win32.ActiveCfg = LIB ASM Release|Win32
		{0039884E-1AF1-4FFD-B864-7A386353C88F}.Release|Win32.Build.0 = LIB ASM Release|Win32
		{1D1D826D-C7FA-4BB3-A1CE-33BFE622B3C5}.Debug|Win32.ActiveCfg = Debug|Win32
		{1D1D826D-C7FA-4BB3-A1CE-33BFE622B3C5}.Debug|Win32.Build.0 = Debug|Win32
		{1D1D826D-C7FA-4BB3-A1CE-33BFE622B3C5}.DLL ASM Debug|Win32.ActiveCfg = Debug|Win32
		{1D1D826D-C7FA-4BB3-A1CE-33BFE622B3C5}.DLL ASM Debug|Win32.Build.0 = Debug|Win32
		{1D1D826D-C7FA-4BB3-A1CE-33BFE622B3C5}.DLL ASM Release|Win32.ActiveCfg = Release|Win32
		{1D1D826D-C7FA-4BB3-A1CE-33BFE622B3C5}.DLL ASM Release|Win32.Build.0 = Release|Win32
		{1D1D826D-C7FA-4BB3-A1CE-33BFE622B3C5}.DLL Debug|Win32.ActiveCfg = Debug|Win32
		{1D1D826D-C7FA-4BB3-A1CE-33BFE622B3C5}.DLL Debug|Win32.Build.0 = Debug|Win32
		{1D1D826D-C7FA-4BB3-A1CE-33BFE622B3C5}.DLL Release|Win32.ActiveCfg = Release|Win32
		{1D1D826D-C7FA-4BB3-A1CE-33BFE622B3C5}.DLL Release|Win32.Build.0 = Release|Win32
		{1D1D826D-C7FA-4BB3-A1CE-33BFE622B3C5}.LIB ASM Debug|Win32.ActiveCfg = Debug|Win32
		{1D1D826D-C7FA-4BB3-A1CE-33BFE622B3C5}.LIB ASM Debug|Win32.Build.0 = Debug|Win32
		{1D1D826D-C7FA-4BB3-A1CE-33BFE622B3C5}.LIB ASM Release|Win32.ActiveCfg = Release|Win32
		{1D1D826D-C7FA-4BB3-A1CE-33BFE622B3C5}.LIB ASM Release|Win32.Build.0 = Release|Win32
		{1D1D826D-C7FA-4BB3-A1CE-33BFE622B3C5}.LIB Debug|Win32.ActiveCfg = Debug|Win32
		{1D1D826D-C7FA-4BB3-A1CE-33BFE622B3C5}.LIB Debug|Win32.Build.0 = Debug|Win32
		{1D1D826D-C7FA-4BB3-A1CE-33BFE622B3C5}.LIB Release|Win32.ActiveCfg = Release|Win32
		{1D1D826D-C7FA-4BB3-A1CE-33BFE622B3C5}.LIB Release|Win32.Build.0 = Release|Win32
		{1D1D826D-C7FA-4BB3-A1CE-33BFE622B3C5}.Release|Win32.ActiveCfg = Release|Win32
		{1D1D826D-C7FA-4BB3-A1CE-33BFE622B3C5}.Release|Win32.Build.0 = Release|Win32
		{733736C2-83AC-4AE1-A6A3-8DAF4393573E}.Debug|Win32.ActiveCfg = Debug|Win32
		{733736C2-83AC-4AE1-A6A3-8DAF4393573E}.Debug|Win32.Build.0 = Debug|Win32
		{733736C2-83AC-4AE1-A6A3-8DAF4393573E}.DLL ASM Debug|Win32.ActiveCfg = Debug|Win32
		{733736C2-83AC-4AE1-A6A3-8DAF4393573E}.DLL ASM Debug|Win32.Build.0 = Debug|Win32
		{733736C2-83AC-4AE1-A6A3-8DAF4393573E}.DLL ASM Release|Win32.ActiveCfg = Release|Win32
		{733736C2-83AC-4AE1-A6A3-8DAF4393573E}.DLL ASM Release|Win32.Build.0 = Release|Win32
		{733736C2-83AC-4AE1-A6A3-8DAF4393573E}.DLL Debug|Win32.ActiveCfg = Debug|Win32
		{733736C2-83AC-4AE1-A6A3-8DAF4393573E}.DLL Debug|Win32.Build.0 = Debug|Win32
		{733736C2-83AC-4AE1-A6A3-8DAF4393573E}.DLL Release|Win32.ActiveCfg = Release|Win32
		{733736C2-83AC-4AE1-A6A3-8DAF4393573E}.DLL Release|Win32.Build.0 = Release|Win32
		{733736C2-83AC-4AE1-A6A3-8DAF4393573E}.LIB ASM Debug|Win32.ActiveCfg = Debug|Win32
		{733736C2-83AC-4AE1-A6A3-8DAF4393573E}.LIB ASM Debug|Win32.Build.0 = Debug|Win32
		{733736C2-83AC-4AE1-A6A3-8DAF4393573E}.LIB ASM Release|Win32.ActiveCfg = Release|Win32
		{733736C2-83AC-4AE1-A6A3-8DAF4393573E}.LIB ASM Release|Win32.Build.0 = Release|Win32
		{733736C2-83AC-4AE1-A6A3-8DAF4393573E}.LIB Debug|Win32.ActiveCfg = Debug|Win32
		{733736C2-83AC-4AE1-A6A3-8DAF4393573E}.LIB Debug|Win32.Build.0 = Debug|Win32
		{733736C2-83AC-4AE1-A6A3-8DAF4393573E}.LIB Release|Win32.ActiveCfg = Release|Win32
		{733736C2-83AC-4AE1-A6A3-8DAF4393573E}.LIB Release|Win32.Build.0 = Release|Win32
		{733736C2-83AC-4AE1-A6A3-8DAF4393573E}.Release|Win32.ActiveCfg = Release|Win32
		{733736C2-83AC-4AE1-A6A3-8DAF4393573E}.Release|Win32.Build.0 = Release|Win32
		{AE4C9F8E-29CD-4A63-8178-C1DFDC686B1E}.Debug|Win32.ActiveCfg = Debug|Win32
		{AE4C9F8E-29CD-4A63-8178-C1DFDC686B1E}.Debug|Win32.Build.0 = Debug|Win32
		{AE4C9F8E-29CD-4A63-8178-C1DFDC686B1E}.DLL ASM Debug|Win32.ActiveCfg = Debug|Win32
		{AE4C9F8E-29CD-4A63-8178-C1DFDC686B1E}.DLL ASM Debug|Win32.Build.0 = Debug|Win32
		{AE4C9F8E-29CD-4A63-8178-C1DFDC686B1E}.DLL ASM Release|Win32.ActiveCfg = Release|Win32
		{AE4C9F8E-29CD-4A63-8178-C1DFDC686B1E}.DLL ASM Release|Win32.Build.0 = Release|Win32
		{AE4C9F8E-29CD-4A63-8178-C1DFDC686B1E}.DLL Debug|Win32.ActiveCfg = Debug|Win32
		{AE4C9F8E-29CD-4A63-8178-C1DFDC686B1E}.DLL Debug|Win32.Build.0 = Debug|Win32
		{AE4C9F8E-29CD-4A63-8178-C1DFDC686B1E}.DLL Release|Win32.ActiveCfg = Release|Win32
		{AE4C9F8E-29CD-4A63-8178-C1DFDC686B1E}.DLL Release|Win32.Build.0 = Release|Win32
		{AE4C9F8E-29CD-4A63-8178-C1DFDC686B1E}.LIB ASM Debug|Win32.ActiveCfg = Debug|Win32
		{AE4C9F8E-29CD-4A63-8178-C1DFDC686B1E}.LIB ASM Debug|Win32.Build.0 = Debug|Win32
		{AE4C9F8E-29CD-4A63-8178-C1DFDC686B1E}.LIB ASM Release|Win32.ActiveCfg = Release|Win32
		{AE4C9F8E-29CD-4A63-8178-C1DFDC686B1E}.LIB ASM Release|Win32.Build.0 = Release|Win32
		{AE4C9F8E-29CD-4A63-8178-C1DFDC686B1E}.LIB Debug|Win32.ActiveCfg = Debug|Win32
		{AE4C9F8E-29CD-4A63-8178-C1DFDC686B1E}.LIB Debug|Win32.Build.0 = Debug|Win32
		{AE4C9F8E-29CD-4A63-8178-C1DFDC686B1E}.LIB Release|Win32.ActiveCfg = Release|Win32
		{AE4C9F8E-29CD-4A63-8178-C1DFDC686B1E}.LIB Release|Win32.Build.0 = Release|Win32
		{AE4C9F8E-29CD-4A63-8178-C1DFDC686B1E}.Release|Win32.ActiveCfg = Release|Win32
		{AE4C9F8E-29CD-4A63-8178-C1DFDC686B1E}.Release|Win32.Build.0 = Release|Win32
		{5CD1AAF7-719B-42D8-B3EE-3781F720DA5F}.Debug|Win32.ActiveCfg = Debug|Win32
		{5CD1AAF7-719B-42D8-B3EE-3781F720DA5F}.Debug|Win32.Build.0 = Debug|Win32
		{5CD1AAF7-719B-42D8-B3EE-3781F720DA5F}.DLL ASM Debug|Win32.ActiveCfg = Debug|Win32
		{5CD1AAF7-719B-42D8-B3EE-3781F720DA5F}.DLL ASM Debug|Win32.Build.0 = Debug|Win32
		{5CD1AAF7-719B-42D8-B3EE-3781F720DA5F}.DLL ASM Release|Win32.ActiveCfg = Release|Win32
		{5CD1AAF7-719B-42D8-B3EE-3781F720DA5F}.DLL ASM Release|Win32.Build.0 = Release|Win32
		{5CD1AAF7-719B-42D8-B3EE-3781F720DA5F}.DLL Debug|Win32.ActiveCfg = Debug|Win32
		{5CD1AAF7-719B-42D8-B3EE-3781F720DA5F}.DLL Debug|Win32.Build.0 = Debug|Win32
		{5CD1AAF7-719B-42D8-B3EE-3781F720DA5F}.DLL Release|Win32.ActiveCfg = Release|Win32
		{5CD1AAF7-719B-42D8-B3EE-3781F720DA5F}.DLL Release|Win32.Build.0 = Release|Win32
		{5CD1AAF7-719B-42D8-B3EE-3781F720DA5F}.LIB ASM Debug|Win32.ActiveCfg = Debug|Win32
		{5CD1AAF7-719B-42D8-B3EE-3781F720DA5F}.LIB ASM Debug|Win32.Build.0 = Debug|Win32
		{5CD1AAF7-719B-42D8-B3EE-3781F720DA5F}.LIB ASM Release|Win32.ActiveCfg = Release|Win32
		{5CD1AAF7-719B-42D8-B3EE-3781F720DA5F}.LIB ASM Release|Win32.Build.0 = Release|Win32
		{5CD1AAF7-719B-42D8-B3EE-3781F720DA5F}.LIB Debug|Win32.ActiveCfg = Debug|Win32
		{5CD1AAF7-719B-42D8-B3EE-3781F720DA5F}.LIB Debug|Win32.Build.0 = Debug|Win32
		{5CD1AAF7-719B-42D8-B3EE-3781F720DA5F}.LIB Release|Win32.ActiveCfg = Release|Win32
		{5CD1AAF7-719B-42D8-B3EE-3781F720DA5F}.LIB Release|Win32.Build.0 = Release|Win32
		{5CD1AAF7-719B-42D8-B3EE-3781F720DA5F}.Release|Win32.ActiveCfg = Release|Win32
		{5CD1AAF7-719B-42D8-B3EE-3781F720DA5F}.Release|Win32.Build.0 = Release|Win32
		{0403DAC4-7C0F-41E5-9405-86A4DC16FBBA}.Debug|Win32.ActiveCfg = Debug|Win32
		{0403DAC4-7C0F-41E5-9405-86A4DC16FBBA}.Debug|Win32.Build.0 = Debug|Win32
		{0403DAC4-7C0F-41E5-9405-86A4DC16FBBA}.DLL ASM Debug|Win32.ActiveCfg = Debug|Win32
		{0403DAC4-7C0F-41E5-9405-86A4DC16FBBA}.DLL ASM Debug|Win32.Build.0 = Debug|Win32
		{0403DAC4-7C0F-41E5-9405-86A4DC16FBBA}.DLL ASM Release|Win32.ActiveCfg = Release|Win32
		{0403DAC4-7C0F-41E5-9405-86A4DC16FBBA}.DLL ASM Release|Win32.Build.0 = Release|Win32
		{0403DAC4-7C0F-41E5-9405-86A4DC16FBBA}.DLL Debug|Win32.ActiveCfg = Debug|Win32
		{0403DAC4-7C0F-41E5-9405-86A4DC16FBBA}.DLL Debug|Win32.Build.0 = Debug|Win32
		{0403DAC4-7C0F-41E5-9405-86A4DC16FBBA}.DLL Release|Win32.ActiveCfg = Release|Win32
		{0403DAC4-7C0F-41E5-9405-86A4DC16FBBA}.DLL Release|Win32.Build.0 = Release|Win32
		{0403DAC4-7C0F-41E5-9405-86A4DC16FBBA}.LIB ASM Debug|Win32.ActiveCfg = Debug|Win32
		{0403DAC4-7C0F-41E5-9405-86A4DC16FBBA}.LIB ASM Debug|Win32.Build.0 = Debug|Win32
		{0403DAC4-7C0F-41E5-9405-86A4DC16FBBA}.LIB ASM Release|Win32.ActiveCfg = Release|Win32
		{0403DAC4-7C0F-41E5-9405-86A4DC16FBBA}.LIB ASM Release|Win32.Build.0 = Release|Win32
		{0403DAC4-7C0F-41E5-9405-86A4DC16FBBA}.LIB Debug|Win32.ActiveCfg = Debug|Win32
		{0403DAC4-7C0F-41E5-9405-86A4DC16FBBA}.LIB Debug|Win32.Build.0 = Debug|Win32
		{0403DAC4-7C0F-41E5-9405-86A4DC16FBBA}.LIB Release|Win32.ActiveCfg = Release|Win32
		{0403DAC4-7C0F-41E5-9405-86A4DC16FBBA}.LIB Release|Win32.Build.0 = Release|Win32
		{0403DAC4-7C0F-41E5-9405-86A4DC16FBBA}.Release|Win32.ActiveCfg = Release|Win32
		{0403DAC4-7C0F-41E5-9405-86A4DC16FBBA}.Release|Win32.Build.0 = Release|Win32
		{3F318E85-97BA-4075-B94B-4EAFCB0AB63A}.Debug|Win32.ActiveCfg = Debug|Win32
		{3F318E85-97BA-4075-B94B-4EAFCB0AB63A}.Debug|Win32.Build.0 = Debug|Win32
		{3F318E85-97BA-4075-B94B-4EAFCB0AB63A}.DLL ASM Debug|Win32.ActiveCfg = Debug|Win32
		{3F318E85-97BA-4075-B94B-4EAFCB0AB63A}.DLL ASM Debug|Win32.Build.0 = Debug|Win32
		{3F318E85-97BA-4075-B94B-4EAFCB0AB63A}.DLL ASM Release|Win32.ActiveCfg = Release|Win32
		{3F318E85-97BA-4075-B94B-4EAFCB0AB63A}.DLL ASM Release|Win32.Build.0 = Release|Win32
		{3F318E85-97BA-4075-B94B-4EAFCB0AB63A}.DLL Debug|Win32.ActiveCfg = Debug|Win32
		{3F318E85-97BA-4075-B94B-4EAFCB0AB63A}.DLL Debug|Win32.Build.0 = Debug|Win32
		{3F318E85-97BA-4075-B94B-4EAFCB0AB63A}.DLL Release|Win32.ActiveCfg = Release|Win32
		{3F318E85-97BA-4075-B94B-4EAFCB0AB63A}.DLL Release|Win32.Build.0 = Release|Win32
		{3F318E85-97BA-4075-B94B-4EAFCB0AB63A}.LIB ASM Debug|Win32.ActiveCfg = Debug|Win32
		{3F318E85-97BA-4075-B94B-4EAFCB0AB63A}.LIB ASM Debug|Win32.Build.0 = Debug|Win32
		{3F318E85-97BA-4075-B94B-4EAFCB0AB63A}.LIB ASM Release|Win32.ActiveCfg = Release|Win32
		{3F318E85-97BA-4075-B94B-4EAFCB0AB63A}.LIB ASM Release|Win32.Build.0 = Release|Win32
		{3F318E85-97BA-4075-B94B-4EAFCB0AB63A}.LIB Debug|Win32.ActiveCfg = Debug|Win32
		{3F318E85-97BA-4075-B94B-4EAFCB0AB63A}.LIB Debug|Win32.Build.0 = Debug|Win32
		{3F318E85-97BA-4075-B94B-4EAFCB0AB63A}.LIB Release|Win32.ActiveCfg = Release|Win32
		{3F318E85-97BA-4075-B94B-4EAFCB0AB63A}.LIB Release|Win32.Build.0 = Release|Win32
		{3F318E85-97BA-4075-B94B-4EAFCB0AB63A}.Release|Win32.ActiveCfg = Release|Win32
		{3F318E85-97BA-4075-B94B-4EAFCB0AB63A}.Release|Win32.Build.0 = Release|Win32
		{19451F5D-23C9-46B9-B608-0C2D22B5483F}.Debug|Win32.ActiveCfg = Debug|Win32
		{19451F5D-23C9-46B9-B608-0C2D22B5483F}.Debug|Win32.Build.0 = Debug|Win32
		{19451F5D-23C9-46B9-B608-0C2D22B5483F}.DLL ASM Debug|Win32.ActiveCfg = Debug|Win32
		{19451F5D-23C9-46B9-B608-0C2D22B5483F}.DLL ASM Debug|Win32.Build.0 = Debug|Win32
		{19451F5D-23C9-46B9-B608-0C2D22B5483F}.DLL ASM Release|Win32.ActiveCfg = Release|Win32
		{19451F5D-23C9-46B9-B608-0C2D22B5483F}.DLL ASM Release|Win32.Build.0 = Release|Win32
		{19451F5D-23C9-46B9-B608-0C2D22B5483F}.DLL Debug|Win32.ActiveCfg = Debug|Win32
		{19451F5D-23C9-46B9-B608-0C2D22B5483F}.DLL Debug|Win32.Build.0 = Debug|Win32
		{19451F5D-23C9-46B9-B608-0C2D22B5483F}.DLL Release|Win32.ActiveCfg = Release|Win32
		{19451F5D-23C9-46B9-B608-0C2D22B5483F}.DLL Release|Win32.Build.0 = Release|Win32
		{19451F5D-23C9-46B9-B608-0C2D22B5483F}.LIB ASM Debug|Win32.ActiveCfg = Debug|Win32
		{19451F5D-23C9-46B9-B608-0C2D22B5483F}.LIB ASM Debug|Win32.Build.0 = Debug|Win32
		{19451F5D-23C9-46B9-B608-0C2D22B5483F}.LIB ASM Release|Win32.ActiveCfg = Release|Win32
		{19451F5D-23C9-46B9-B608-0C2D22B5483F}.LIB ASM Release|Win32.Build.0 = Release|Win32
		{19451F5D-23C9-46B9-B608-0C2D22B5483F}.LIB Debug|Win32.ActiveCfg = Debug|Win32
		{19451F5D-23C9-46B9-B608-0C2D22B5483F}.LIB Debug|Win32.Build.0 = Debug|Win32
		{19451F5D-23C9-46B9-B608-0C2D22B5483F}.LIB Release|Win32.ActiveCfg = Release|Win32
		{19451F5D-23C9-46B9-B608-0C2D22B5483F}.LIB Release|Win32.Build.0 = Release|Win32
		{19451F5D-23C9-46B9-B608-0C2D22B5483F}.Release|Win32.ActiveCfg = Release|Win32
		{19451F5D-23C9-46B9-B608-0C2D22B5483F}.Release|Win32.Build.0 = Release|Win32
		{AE3F0D3B-2A9B-4D2A-97AD-E6B526C43604}.Debug|Win32.ActiveCfg = Debug|Win32
		{AE3F0D3B-2A9B-4D2A-97AD-E6B526C43604}.Debug|Win32.Build.0 = Debug|Win32
		{AE3F0D3B-2A9B-4D2A-97AD-E6B526C43604}.DLL ASM Debug|Win32.ActiveCfg = Debug|Win32
		{AE3F0D3B-2A9B-4D2A-97AD-E6B526C43604}.DLL ASM Debug|Win32.Build.0 = Debug|Win32
		{AE3F0D3B-2A9B-4D2A-97AD-E6B526C43604}.DLL ASM Release|Win32.ActiveCfg = Release|Win32
		{AE3F0D3B-2A9B-4D2A-97AD-E6B526C43604}.DLL ASM Release|Win32.Build.0 = Release|Win32
		{AE3F0D3B-2A9B-4D2A-97AD-E6B526C43604}.DLL Debug|Win32.ActiveCfg = Debug|Win32
		{AE3F0D3B-2A9B-4D2A-97AD-E6B526C43604}.DLL Debug|Win32.Build.0 = Debug|Win32
		{AE3F0D3B-2A9B-4D2A-97AD-E6B526C43604}.DLL Release|Win32.ActiveCfg = Release|Win32
		{AE3F0D3B-2A9B-4D2A-97AD-E6B526C43604}.DLL Release|Win32.Build.0 = Release|Win32
		{AE3F0D3B-2A9B-4D2A-97AD-E6B526C43604}.LIB ASM Debug|Win32.ActiveCfg = Debug|Win32
		{AE3F0D3B-2A9B-4D2A-97AD-E6B526C43604}.LIB ASM Debug|Win32.Build.0 = Debug|Win32
		{AE3F0D3B-2A9B-4D2A-97AD-E6B526C43604}.LIB ASM Release|Win32.ActiveCfg = Release|Win32
		{AE3F0D3B-2A9B-4D2A-97AD-E6B526C43604}.LIB ASM Release|Win32.Build.0 = Release|Win32
		{AE3F0D3B-2A9B-4D2A-97AD-E6B526C43604}.LIB Debug|Win32.ActiveCfg = Debug|Win32
		{AE3F0D3B-2A9B-4D2A-97AD-E6B526C43604}.LIB Debug|Win32.Build.0 = Debug|Win32
		{AE3F0D3B-2A9B-4D2A-97AD-E6B526C43604}.LIB Release|Win32.ActiveCfg = Release|Win32
		{AE3F0D3B-2A9B-4D2A-97AD-E6B526C43604}.LIB Release|Win32.Build.0 = Release|Win32
		{AE3F0D3B-2A9B-4D2A-97AD-E6B526C43604}.Release|Win32.ActiveCfg = Release|Win32
		{AE3F0D3B-2A9B-4D2A-97AD-E6B526C43604}.Release|Win32.Build.0 = Release|Win32
		{64A360E3-664D-4B8E-A7B3-E8B27437305D}.Debug|Win32.ActiveCfg = Debug|Win32
		{64A360E3-664D-4B8E-A7B3-E8B27437305D}.Debug|Win32.Build.0 = Debug|Win32
		{64A360E3-664D-4B8E-A7B3-E8B27437305D}.DLL ASM Debug|Win32.ActiveCfg = Debug|Win32
		{64A360E3-664D-4B8E-A7B3-E8B27437305D}.DLL ASM Debug|Win32.Build.0 = Debug|Win32
		{64A360E3-664D-4B8E-A7B3-E8B27437305D}.DLL ASM Release|Win32.ActiveCfg = Release|Win32
		{64A360E3-664D-4B8E-A7B3-E8B27437305D}.DLL ASM Release|Win32.Build.0 = Release|Win32
		{64A360E3-664D-4B8E-A7B3-E8B27437305D}.DLL Debug|Win32.ActiveCfg = Debug|Win32
		{64A360E3-664D-4B8E-A7B3-E8B27437305D}.DLL Debug|Win32.Build.0 = Debug|Win32
		{64A360E3-664D-4B8E-A7B3-E8B27437305D}.DLL Release|Win32.ActiveCfg = Release|Win32
		{64A360E3-664D-4B8E-A7B3-E8B27437305D}.DLL Release|Win32.Build.0 = Release|Win32
		{64A360E3-664D-4B8E-A7B3-E8B27437305D}.LIB ASM Debug|Win32.ActiveCfg = Debug|Win32
		{64A360E3-664D-4B8E-A7B3-E8B27437305D}.LIB ASM Debug|Win32.Build.0 = Debug|Win32
		{64A360E3-664D-4B8E-A7B3-E8B27437305D}.LIB ASM Release|Win32.ActiveCfg = Release|Win32
		{64A360E3-664D-4B8E-A7B3-E8B27437305D}.LIB ASM Release|Win32.Build.0 = Release|Win32
		{64A360E3-664D-4B8E-A7B3-E8B27437305D}.LIB Debug|Win32.ActiveCfg = Debug|Win32
		{64A360E3-664D-4B8E-A7B3-E8B27437305D}.LIB Debug|Win32.Build.0 = Debug|Win32
		{64A360E3-664D-4B8E-A7B3-E8B27437305D}.LIB Release|Win32.ActiveCfg = Release|Win32
		{64A360E3-664D-4B8E-A7B3-E8B27437305D}.LIB Release|Win32.Build.0 = Release|Win32
		{64A360E3-664D-4B8E-A7B3-E8B27437305D}.Release|Win32.ActiveCfg = Release|Win32
		{64A360E3-664D-4B8E-A7B3-E8B27437305D}.Release|Win32.Build.0 = Release|Win32
	EndGlobalSection
	GlobalSection(SolutionProperties) = preSolution
		HideSolutionNode = FALSE
	EndGlobalSection
EndGlobal
