
Microsoft Visual Studio Solution File, Format Version 11.00
# Visual Studio 2010
Project("{8BC9CEB8-8B4A-11D0-8D11-00A0C91BC942}") = "GuiWin", "projects\vs2010\GuiWin\GuiWin.vcxproj", "{4DF22B7B-CB08-4140-806B-DA76A3AA3E8D}"
EndProject
Project("{8BC9CEB8-8B4A-11D0-8D11-00A0C91BC942}") = "zlib", "projects\vs2010\zlib\zlib.vcxproj", "{0039884E-1AF1-4FFD-B864-7A386353C88F}"
EndProject
Project("{8BC9CEB8-8B4A-11D0-8D11-00A0C91BC942}") = "TestSuite", "projects\vs2010\TestSuite\TestSuite.vcxproj", "{CA71DFC8-3FEC-41B2-B927-9FD0669A8293}"
EndProject
Project("{8BC9CEB8-8B4A-11D0-8D11-00A0C91BC942}") = "CompilerBackend", "projects\vs2010\CompilerBackend\CompilerBackend.vcxproj", "{9F837F6B-EDD2-4F25-A881-EB09E17C6CA4}"
EndProject
Project("{8BC9CEB8-8B4A-11D0-8D11-00A0C91BC942}") = "FontServer", "projects\vs2010\FontServer\FontServer.vcxproj", "{A04C4943-4C45-4675-990D-C1EAE9A9F155}"
EndProject
Project("{8BC9CEB8-8B4A-11D0-8D11-00A0C91BC942}") = "GifDecoder", "projects\vs2010\GifDecoder\GifDecoder.vcxproj", "{8BE7D827-B658-43AB-A80A-8BE2B4D908C5}"
EndProject
Project("{8BC9CEB8-8B4A-11D0-8D11-00A0C91BC942}") = "PdfReader", "projects\vs2010\PdfReader\PdfReader.vcxproj", "{68A3E874-2F6F-4CBF-8EF2-7E01A72D87A6}"
EndProject
Project("{8BC9CEB8-8B4A-11D0-8D11-00A0C91BC942}") = "SwfReader", "projects\vs2010\SwfReader\SwfReader.vcxproj", "{50CD3C85-17F6-4FD5-8467-26C7EE82AA7F}"
EndProject
Project("{8BC9CEB8-8B4A-11D0-8D11-00A0C91BC942}") = "XmlReader", "projects\vs2010\XmlReader\XmlReader.vcxproj", "{76F5E41D-1713-4CD7-9160-DEBF2F63D651}"
EndProject
Project("{8BC9CEB8-8B4A-11D0-8D11-00A0C91BC942}") = "BasicDataStructures", "projects\vs2010\BasicDataStructures\BasicDataStructures.vcxproj", "{5418215D-EE32-42B5-B2F2-59F6EC623F10}"
EndProject
Project("{8BC9CEB8-8B4A-11D0-8D11-00A0C91BC942}") = "JpegDecoder", "projects\vs2010\JpegDecoder\JpegDecoder.vcxproj", "{028E6FB4-1A3D-4045-A65B-B00D06FE8864}"
EndProject
Project("{8BC9CEB8-8B4A-11D0-8D11-00A0C91BC942}") = "MiniStdlib", "projects\vs2010\MiniStdlib\MiniStdlib.vcxproj", "{6C7C9FBB-39B4-42CC-A000-C0FF2F61388E}"
EndProject
Project("{8BC9CEB8-8B4A-11D0-8D11-00A0C91BC942}") = "rfc1950", "projects\vs2010\rfc1950\rfc1950.vcxproj", "{111E4BC7-3E41-491B-B749-C10BCC290C02}"
EndProject
Project("{8BC9CEB8-8B4A-11D0-8D11-00A0C91BC942}") = "HTML5", "projects\vs2010\HTML5\HTML5.vcxproj", "{806E90F2-9B9C-4C45-82FF-71CBD076013C}"
EndProject
Project("{8BC9CEB8-8B4A-11D0-8D11-00A0C91BC942}") = "BigNumber", "projects\vs2010\BigNumber\BigNumber.vcxproj", "{D090E174-4129-4500-A265-20A5FD191604}"
EndProject
Project("{8BC9CEB8-8B4A-11D0-8D11-00A0C91BC942}") = "Unicode", "projects\vs2010\Unicode\Unicode.vcxproj", "{DCC383E7-20EE-4CF5-8491-22F24C5772DB}"
EndProject
Project("{8BC9CEB8-8B4A-11D0-8D11-00A0C91BC942}") = "Algorithm", "projects\vs2010\Algorithm\Algorithm.vcxproj", "{98C64CA2-13F9-461B-B271-7CD09F048491}"
EndProject
Project("{8BC9CEB8-8B4A-11D0-8D11-00A0C91BC942}") = "CPU", "projects\vs2010\CPU\CPU.vcxproj", "{8BB562B5-9A8F-475B-8CC8-E305454CBD05}"
EndProject
Global
	GlobalSection(SolutionConfigurationPlatforms) = preSolution
		Debug|Win32 = Debug|Win32
		LIB ASM Debug|Win32 = LIB ASM Debug|Win32
		LIB ASM Release|Win32 = LIB ASM Release|Win32
		LIB Debug|Win32 = LIB Debug|Win32
		LIB Release|Win32 = LIB Release|Win32
		Release|Win32 = Release|Win32
	EndGlobalSection
	GlobalSection(ProjectConfigurationPlatforms) = postSolution
		{4DF22B7B-CB08-4140-806B-DA76A3AA3E8D}.Debug|Win32.ActiveCfg = Debug|Win32
		{4DF22B7B-CB08-4140-806B-DA76A3AA3E8D}.Debug|Win32.Build.0 = Debug|Win32
		{4DF22B7B-CB08-4140-806B-DA76A3AA3E8D}.LIB ASM Debug|Win32.ActiveCfg = Debug|Win32
		{4DF22B7B-CB08-4140-806B-DA76A3AA3E8D}.LIB ASM Debug|Win32.Build.0 = Debug|Win32
		{4DF22B7B-CB08-4140-806B-DA76A3AA3E8D}.LIB ASM Release|Win32.ActiveCfg = Release|Win32
		{4DF22B7B-CB08-4140-806B-DA76A3AA3E8D}.LIB ASM Release|Win32.Build.0 = Release|Win32
		{4DF22B7B-CB08-4140-806B-DA76A3AA3E8D}.LIB Debug|Win32.ActiveCfg = Debug|Win32
		{4DF22B7B-CB08-4140-806B-DA76A3AA3E8D}.LIB Debug|Win32.Build.0 = Debug|Win32
		{4DF22B7B-CB08-4140-806B-DA76A3AA3E8D}.LIB Release|Win32.ActiveCfg = Release|Win32
		{4DF22B7B-CB08-4140-806B-DA76A3AA3E8D}.LIB Release|Win32.Build.0 = Release|Win32
		{4DF22B7B-CB08-4140-806B-DA76A3AA3E8D}.Release|Win32.ActiveCfg = Release|Win32
		{4DF22B7B-CB08-4140-806B-DA76A3AA3E8D}.Release|Win32.Build.0 = Release|Win32
		{0039884E-1AF1-4FFD-B864-7A386353C88F}.Debug|Win32.ActiveCfg = LIB ASM Debug|Win32
		{0039884E-1AF1-4FFD-B864-7A386353C88F}.Debug|Win32.Build.0 = LIB ASM Debug|Win32
		{0039884E-1AF1-4FFD-B864-7A386353C88F}.LIB ASM Debug|Win32.ActiveCfg = LIB ASM Debug|Win32
		{0039884E-1AF1-4FFD-B864-7A386353C88F}.LIB ASM Debug|Win32.Build.0 = LIB ASM Debug|Win32
		{0039884E-1AF1-4FFD-B864-7A386353C88F}.LIB ASM Release|Win32.ActiveCfg = LIB ASM Release|Win32
		{0039884E-1AF1-4FFD-B864-7A386353C88F}.LIB ASM Release|Win32.Build.0 = LIB ASM Release|Win32
		{0039884E-1AF1-4FFD-B864-7A386353C88F}.LIB Debug|Win32.ActiveCfg = LIB Debug|Win32
		{0039884E-1AF1-4FFD-B864-7A386353C88F}.LIB Debug|Win32.Build.0 = LIB Debug|Win32
		{0039884E-1AF1-4FFD-B864-7A386353C88F}.LIB Release|Win32.ActiveCfg = LIB Release|Win32
		{0039884E-1AF1-4FFD-B864-7A386353C88F}.LIB Release|Win32.Build.0 = LIB Release|Win32
		{0039884E-1AF1-4FFD-B864-7A386353C88F}.Release|Win32.ActiveCfg = LIB ASM Release|Win32
		{0039884E-1AF1-4FFD-B864-7A386353C88F}.Release|Win32.Build.0 = LIB ASM Release|Win32
		{CA71DFC8-3FEC-41B2-B927-9FD0669A8293}.Debug|Win32.ActiveCfg = Debug|Win32
		{CA71DFC8-3FEC-41B2-B927-9FD0669A8293}.Debug|Win32.Build.0 = Debug|Win32
		{CA71DFC8-3FEC-41B2-B927-9FD0669A8293}.LIB ASM Debug|Win32.ActiveCfg = Debug|Win32
		{CA71DFC8-3FEC-41B2-B927-9FD0669A8293}.LIB ASM Debug|Win32.Build.0 = Debug|Win32
		{CA71DFC8-3FEC-41B2-B927-9FD0669A8293}.LIB ASM Release|Win32.ActiveCfg = Release|Win32
		{CA71DFC8-3FEC-41B2-B927-9FD0669A8293}.LIB ASM Release|Win32.Build.0 = Release|Win32
		{CA71DFC8-3FEC-41B2-B927-9FD0669A8293}.LIB Debug|Win32.ActiveCfg = Debug|Win32
		{CA71DFC8-3FEC-41B2-B927-9FD0669A8293}.LIB Debug|Win32.Build.0 = Debug|Win32
		{CA71DFC8-3FEC-41B2-B927-9FD0669A8293}.LIB Release|Win32.ActiveCfg = Release|Win32
		{CA71DFC8-3FEC-41B2-B927-9FD0669A8293}.LIB Release|Win32.Build.0 = Release|Win32
		{CA71DFC8-3FEC-41B2-B927-9FD0669A8293}.Release|Win32.ActiveCfg = Release|Win32
		{CA71DFC8-3FEC-41B2-B927-9FD0669A8293}.Release|Win32.Build.0 = Release|Win32
		{9F837F6B-EDD2-4F25-A881-EB09E17C6CA4}.Debug|Win32.ActiveCfg = Debug|Win32
		{9F837F6B-EDD2-4F25-A881-EB09E17C6CA4}.Debug|Win32.Build.0 = Debug|Win32
		{9F837F6B-EDD2-4F25-A881-EB09E17C6CA4}.LIB ASM Debug|Win32.ActiveCfg = Debug|Win32
		{9F837F6B-EDD2-4F25-A881-EB09E17C6CA4}.LIB ASM Debug|Win32.Build.0 = Debug|Win32
		{9F837F6B-EDD2-4F25-A881-EB09E17C6CA4}.LIB ASM Release|Win32.ActiveCfg = Release|Win32
		{9F837F6B-EDD2-4F25-A881-EB09E17C6CA4}.LIB ASM Release|Win32.Build.0 = Release|Win32
		{9F837F6B-EDD2-4F25-A881-EB09E17C6CA4}.LIB Debug|Win32.ActiveCfg = Debug|Win32
		{9F837F6B-EDD2-4F25-A881-EB09E17C6CA4}.LIB Debug|Win32.Build.0 = Debug|Win32
		{9F837F6B-EDD2-4F25-A881-EB09E17C6CA4}.LIB Release|Win32.ActiveCfg = Release|Win32
		{9F837F6B-EDD2-4F25-A881-EB09E17C6CA4}.LIB Release|Win32.Build.0 = Release|Win32
		{9F837F6B-EDD2-4F25-A881-EB09E17C6CA4}.Release|Win32.ActiveCfg = Release|Win32
		{9F837F6B-EDD2-4F25-A881-EB09E17C6CA4}.Release|Win32.Build.0 = Release|Win32
		{A04C4943-4C45-4675-990D-C1EAE9A9F155}.Debug|Win32.ActiveCfg = Debug|Win32
		{A04C4943-4C45-4675-990D-C1EAE9A9F155}.Debug|Win32.Build.0 = Debug|Win32
		{A04C4943-4C45-4675-990D-C1EAE9A9F155}.LIB ASM Debug|Win32.ActiveCfg = Debug|Win32
		{A04C4943-4C45-4675-990D-C1EAE9A9F155}.LIB ASM Debug|Win32.Build.0 = Debug|Win32
		{A04C4943-4C45-4675-990D-C1EAE9A9F155}.LIB ASM Release|Win32.ActiveCfg = Release|Win32
		{A04C4943-4C45-4675-990D-C1EAE9A9F155}.LIB ASM Release|Win32.Build.0 = Release|Win32
		{A04C4943-4C45-4675-990D-C1EAE9A9F155}.LIB Debug|Win32.ActiveCfg = Debug|Win32
		{A04C4943-4C45-4675-990D-C1EAE9A9F155}.LIB Debug|Win32.Build.0 = Debug|Win32
		{A04C4943-4C45-4675-990D-C1EAE9A9F155}.LIB Release|Win32.ActiveCfg = Release|Win32
		{A04C4943-4C45-4675-990D-C1EAE9A9F155}.LIB Release|Win32.Build.0 = Release|Win32
		{A04C4943-4C45-4675-990D-C1EAE9A9F155}.Release|Win32.ActiveCfg = Release|Win32
		{A04C4943-4C45-4675-990D-C1EAE9A9F155}.Release|Win32.Build.0 = Release|Win32
		{8BE7D827-B658-43AB-A80A-8BE2B4D908C5}.Debug|Win32.ActiveCfg = Debug|Win32
		{8BE7D827-B658-43AB-A80A-8BE2B4D908C5}.Debug|Win32.Build.0 = Debug|Win32
		{8BE7D827-B658-43AB-A80A-8BE2B4D908C5}.LIB ASM Debug|Win32.ActiveCfg = Debug|Win32
		{8BE7D827-B658-43AB-A80A-8BE2B4D908C5}.LIB ASM Debug|Win32.Build.0 = Debug|Win32
		{8BE7D827-B658-43AB-A80A-8BE2B4D908C5}.LIB ASM Release|Win32.ActiveCfg = Release|Win32
		{8BE7D827-B658-43AB-A80A-8BE2B4D908C5}.LIB ASM Release|Win32.Build.0 = Release|Win32
		{8BE7D827-B658-43AB-A80A-8BE2B4D908C5}.LIB Debug|Win32.ActiveCfg = Debug|Win32
		{8BE7D827-B658-43AB-A80A-8BE2B4D908C5}.LIB Debug|Win32.Build.0 = Debug|Win32
		{8BE7D827-B658-43AB-A80A-8BE2B4D908C5}.LIB Release|Win32.ActiveCfg = Release|Win32
		{8BE7D827-B658-43AB-A80A-8BE2B4D908C5}.LIB Release|Win32.Build.0 = Release|Win32
		{8BE7D827-B658-43AB-A80A-8BE2B4D908C5}.Release|Win32.ActiveCfg = Release|Win32
		{8BE7D827-B658-43AB-A80A-8BE2B4D908C5}.Release|Win32.Build.0 = Release|Win32
		{68A3E874-2F6F-4CBF-8EF2-7E01A72D87A6}.Debug|Win32.ActiveCfg = Debug|Win32
		{68A3E874-2F6F-4CBF-8EF2-7E01A72D87A6}.Debug|Win32.Build.0 = Debug|Win32
		{68A3E874-2F6F-4CBF-8EF2-7E01A72D87A6}.LIB ASM Debug|Win32.ActiveCfg = Debug|Win32
		{68A3E874-2F6F-4CBF-8EF2-7E01A72D87A6}.LIB ASM Debug|Win32.Build.0 = Debug|Win32
		{68A3E874-2F6F-4CBF-8EF2-7E01A72D87A6}.LIB ASM Release|Win32.ActiveCfg = Release|Win32
		{68A3E874-2F6F-4CBF-8EF2-7E01A72D87A6}.LIB ASM Release|Win32.Build.0 = Release|Win32
		{68A3E874-2F6F-4CBF-8EF2-7E01A72D87A6}.LIB Debug|Win32.ActiveCfg = Debug|Win32
		{68A3E874-2F6F-4CBF-8EF2-7E01A72D87A6}.LIB Debug|Win32.Build.0 = Debug|Win32
		{68A3E874-2F6F-4CBF-8EF2-7E01A72D87A6}.LIB Release|Win32.ActiveCfg = Release|Win32
		{68A3E874-2F6F-4CBF-8EF2-7E01A72D87A6}.LIB Release|Win32.Build.0 = Release|Win32
		{68A3E874-2F6F-4CBF-8EF2-7E01A72D87A6}.Release|Win32.ActiveCfg = Release|Win32
		{68A3E874-2F6F-4CBF-8EF2-7E01A72D87A6}.Release|Win32.Build.0 = Release|Win32
		{50CD3C85-17F6-4FD5-8467-26C7EE82AA7F}.Debug|Win32.ActiveCfg = Debug|Win32
		{50CD3C85-17F6-4FD5-8467-26C7EE82AA7F}.Debug|Win32.Build.0 = Debug|Win32
		{50CD3C85-17F6-4FD5-8467-26C7EE82AA7F}.LIB ASM Debug|Win32.ActiveCfg = Debug|Win32
		{50CD3C85-17F6-4FD5-8467-26C7EE82AA7F}.LIB ASM Debug|Win32.Build.0 = Debug|Win32
		{50CD3C85-17F6-4FD5-8467-26C7EE82AA7F}.LIB ASM Release|Win32.ActiveCfg = Release|Win32
		{50CD3C85-17F6-4FD5-8467-26C7EE82AA7F}.LIB ASM Release|Win32.Build.0 = Release|Win32
		{50CD3C85-17F6-4FD5-8467-26C7EE82AA7F}.LIB Debug|Win32.ActiveCfg = Debug|Win32
		{50CD3C85-17F6-4FD5-8467-26C7EE82AA7F}.LIB Debug|Win32.Build.0 = Debug|Win32
		{50CD3C85-17F6-4FD5-8467-26C7EE82AA7F}.LIB Release|Win32.ActiveCfg = Release|Win32
		{50CD3C85-17F6-4FD5-8467-26C7EE82AA7F}.LIB Release|Win32.Build.0 = Release|Win32
		{50CD3C85-17F6-4FD5-8467-26C7EE82AA7F}.Release|Win32.ActiveCfg = Release|Win32
		{50CD3C85-17F6-4FD5-8467-26C7EE82AA7F}.Release|Win32.Build.0 = Release|Win32
		{76F5E41D-1713-4CD7-9160-DEBF2F63D651}.Debug|Win32.ActiveCfg = Debug|Win32
		{76F5E41D-1713-4CD7-9160-DEBF2F63D651}.Debug|Win32.Build.0 = Debug|Win32
		{76F5E41D-1713-4CD7-9160-DEBF2F63D651}.LIB ASM Debug|Win32.ActiveCfg = Debug|Win32
		{76F5E41D-1713-4CD7-9160-DEBF2F63D651}.LIB ASM Debug|Win32.Build.0 = Debug|Win32
		{76F5E41D-1713-4CD7-9160-DEBF2F63D651}.LIB ASM Release|Win32.ActiveCfg = Release|Win32
		{76F5E41D-1713-4CD7-9160-DEBF2F63D651}.LIB ASM Release|Win32.Build.0 = Release|Win32
		{76F5E41D-1713-4CD7-9160-DEBF2F63D651}.LIB Debug|Win32.ActiveCfg = Debug|Win32
		{76F5E41D-1713-4CD7-9160-DEBF2F63D651}.LIB Debug|Win32.Build.0 = Debug|Win32
		{76F5E41D-1713-4CD7-9160-DEBF2F63D651}.LIB Release|Win32.ActiveCfg = Release|Win32
		{76F5E41D-1713-4CD7-9160-DEBF2F63D651}.LIB Release|Win32.Build.0 = Release|Win32
		{76F5E41D-1713-4CD7-9160-DEBF2F63D651}.Release|Win32.ActiveCfg = Release|Win32
		{76F5E41D-1713-4CD7-9160-DEBF2F63D651}.Release|Win32.Build.0 = Release|Win32
		{5418215D-EE32-42B5-B2F2-59F6EC623F10}.Debug|Win32.ActiveCfg = Debug|Win32
		{5418215D-EE32-42B5-B2F2-59F6EC623F10}.Debug|Win32.Build.0 = Debug|Win32
		{5418215D-EE32-42B5-B2F2-59F6EC623F10}.LIB ASM Debug|Win32.ActiveCfg = Debug|Win32
		{5418215D-EE32-42B5-B2F2-59F6EC623F10}.LIB ASM Debug|Win32.Build.0 = Debug|Win32
		{5418215D-EE32-42B5-B2F2-59F6EC623F10}.LIB ASM Release|Win32.ActiveCfg = Release|Win32
		{5418215D-EE32-42B5-B2F2-59F6EC623F10}.LIB ASM Release|Win32.Build.0 = Release|Win32
		{5418215D-EE32-42B5-B2F2-59F6EC623F10}.LIB Debug|Win32.ActiveCfg = Debug|Win32
		{5418215D-EE32-42B5-B2F2-59F6EC623F10}.LIB Debug|Win32.Build.0 = Debug|Win32
		{5418215D-EE32-42B5-B2F2-59F6EC623F10}.LIB Release|Win32.ActiveCfg = Release|Win32
		{5418215D-EE32-42B5-B2F2-59F6EC623F10}.LIB Release|Win32.Build.0 = Release|Win32
		{5418215D-EE32-42B5-B2F2-59F6EC623F10}.Release|Win32.ActiveCfg = Release|Win32
		{5418215D-EE32-42B5-B2F2-59F6EC623F10}.Release|Win32.Build.0 = Release|Win32
		{028E6FB4-1A3D-4045-A65B-B00D06FE8864}.Debug|Win32.ActiveCfg = Debug|Win32
		{028E6FB4-1A3D-4045-A65B-B00D06FE8864}.Debug|Win32.Build.0 = Debug|Win32
		{028E6FB4-1A3D-4045-A65B-B00D06FE8864}.LIB ASM Debug|Win32.ActiveCfg = Debug|Win32
		{028E6FB4-1A3D-4045-A65B-B00D06FE8864}.LIB ASM Debug|Win32.Build.0 = Debug|Win32
		{028E6FB4-1A3D-4045-A65B-B00D06FE8864}.LIB ASM Release|Win32.ActiveCfg = Release|Win32
		{028E6FB4-1A3D-4045-A65B-B00D06FE8864}.LIB ASM Release|Win32.Build.0 = Release|Win32
		{028E6FB4-1A3D-4045-A65B-B00D06FE8864}.LIB Debug|Win32.ActiveCfg = Debug|Win32
		{028E6FB4-1A3D-4045-A65B-B00D06FE8864}.LIB Debug|Win32.Build.0 = Debug|Win32
		{028E6FB4-1A3D-4045-A65B-B00D06FE8864}.LIB Release|Win32.ActiveCfg = Release|Win32
		{028E6FB4-1A3D-4045-A65B-B00D06FE8864}.LIB Release|Win32.Build.0 = Release|Win32
		{028E6FB4-1A3D-4045-A65B-B00D06FE8864}.Release|Win32.ActiveCfg = Release|Win32
		{028E6FB4-1A3D-4045-A65B-B00D06FE8864}.Release|Win32.Build.0 = Release|Win32
		{6C7C9FBB-39B4-42CC-A000-C0FF2F61388E}.Debug|Win32.ActiveCfg = Debug|Win32
		{6C7C9FBB-39B4-42CC-A000-C0FF2F61388E}.Debug|Win32.Build.0 = Debug|Win32
		{6C7C9FBB-39B4-42CC-A000-C0FF2F61388E}.LIB ASM Debug|Win32.ActiveCfg = Debug|Win32
		{6C7C9FBB-39B4-42CC-A000-C0FF2F61388E}.LIB ASM Debug|Win32.Build.0 = Debug|Win32
		{6C7C9FBB-39B4-42CC-A000-C0FF2F61388E}.LIB ASM Release|Win32.ActiveCfg = Release|Win32
		{6C7C9FBB-39B4-42CC-A000-C0FF2F61388E}.LIB ASM Release|Win32.Build.0 = Release|Win32
		{6C7C9FBB-39B4-42CC-A000-C0FF2F61388E}.LIB Debug|Win32.ActiveCfg = Debug|Win32
		{6C7C9FBB-39B4-42CC-A000-C0FF2F61388E}.LIB Debug|Win32.Build.0 = Debug|Win32
		{6C7C9FBB-39B4-42CC-A000-C0FF2F61388E}.LIB Release|Win32.ActiveCfg = Release|Win32
		{6C7C9FBB-39B4-42CC-A000-C0FF2F61388E}.LIB Release|Win32.Build.0 = Release|Win32
		{6C7C9FBB-39B4-42CC-A000-C0FF2F61388E}.Release|Win32.ActiveCfg = Release|Win32
		{6C7C9FBB-39B4-42CC-A000-C0FF2F61388E}.Release|Win32.Build.0 = Release|Win32
		{111E4BC7-3E41-491B-B749-C10BCC290C02}.Debug|Win32.ActiveCfg = Debug|Win32
		{111E4BC7-3E41-491B-B749-C10BCC290C02}.Debug|Win32.Build.0 = Debug|Win32
		{111E4BC7-3E41-491B-B749-C10BCC290C02}.LIB ASM Debug|Win32.ActiveCfg = Debug|Win32
		{111E4BC7-3E41-491B-B749-C10BCC290C02}.LIB ASM Debug|Win32.Build.0 = Debug|Win32
		{111E4BC7-3E41-491B-B749-C10BCC290C02}.LIB ASM Release|Win32.ActiveCfg = Release|Win32
		{111E4BC7-3E41-491B-B749-C10BCC290C02}.LIB ASM Release|Win32.Build.0 = Release|Win32
		{111E4BC7-3E41-491B-B749-C10BCC290C02}.LIB Debug|Win32.ActiveCfg = Debug|Win32
		{111E4BC7-3E41-491B-B749-C10BCC290C02}.LIB Debug|Win32.Build.0 = Debug|Win32
		{111E4BC7-3E41-491B-B749-C10BCC290C02}.LIB Release|Win32.ActiveCfg = Release|Win32
		{111E4BC7-3E41-491B-B749-C10BCC290C02}.LIB Release|Win32.Build.0 = Release|Win32
		{111E4BC7-3E41-491B-B749-C10BCC290C02}.Release|Win32.ActiveCfg = Release|Win32
		{111E4BC7-3E41-491B-B749-C10BCC290C02}.Release|Win32.Build.0 = Release|Win32
		{806E90F2-9B9C-4C45-82FF-71CBD076013C}.Debug|Win32.ActiveCfg = Debug|Win32
		{806E90F2-9B9C-4C45-82FF-71CBD076013C}.Debug|Win32.Build.0 = Debug|Win32
		{806E90F2-9B9C-4C45-82FF-71CBD076013C}.LIB ASM Debug|Win32.ActiveCfg = Debug|Win32
		{806E90F2-9B9C-4C45-82FF-71CBD076013C}.LIB ASM Debug|Win32.Build.0 = Debug|Win32
		{806E90F2-9B9C-4C45-82FF-71CBD076013C}.LIB ASM Release|Win32.ActiveCfg = Release|Win32
		{806E90F2-9B9C-4C45-82FF-71CBD076013C}.LIB ASM Release|Win32.Build.0 = Release|Win32
		{806E90F2-9B9C-4C45-82FF-71CBD076013C}.LIB Debug|Win32.ActiveCfg = Debug|Win32
		{806E90F2-9B9C-4C45-82FF-71CBD076013C}.LIB Debug|Win32.Build.0 = Debug|Win32
		{806E90F2-9B9C-4C45-82FF-71CBD076013C}.LIB Release|Win32.ActiveCfg = Release|Win32
		{806E90F2-9B9C-4C45-82FF-71CBD076013C}.LIB Release|Win32.Build.0 = Release|Win32
		{806E90F2-9B9C-4C45-82FF-71CBD076013C}.Release|Win32.ActiveCfg = Release|Win32
		{806E90F2-9B9C-4C45-82FF-71CBD076013C}.Release|Win32.Build.0 = Release|Win32
		{D090E174-4129-4500-A265-20A5FD191604}.Debug|Win32.ActiveCfg = Debug|Win32
		{D090E174-4129-4500-A265-20A5FD191604}.Debug|Win32.Build.0 = Debug|Win32
		{D090E174-4129-4500-A265-20A5FD191604}.LIB ASM Debug|Win32.ActiveCfg = Debug|Win32
		{D090E174-4129-4500-A265-20A5FD191604}.LIB ASM Debug|Win32.Build.0 = Debug|Win32
		{D090E174-4129-4500-A265-20A5FD191604}.LIB ASM Release|Win32.ActiveCfg = Release|Win32
		{D090E174-4129-4500-A265-20A5FD191604}.LIB ASM Release|Win32.Build.0 = Release|Win32
		{D090E174-4129-4500-A265-20A5FD191604}.LIB Debug|Win32.ActiveCfg = Debug|Win32
		{D090E174-4129-4500-A265-20A5FD191604}.LIB Debug|Win32.Build.0 = Debug|Win32
		{D090E174-4129-4500-A265-20A5FD191604}.LIB Release|Win32.ActiveCfg = Release|Win32
		{D090E174-4129-4500-A265-20A5FD191604}.LIB Release|Win32.Build.0 = Release|Win32
		{D090E174-4129-4500-A265-20A5FD191604}.Release|Win32.ActiveCfg = Release|Win32
		{D090E174-4129-4500-A265-20A5FD191604}.Release|Win32.Build.0 = Release|Win32
		{DCC383E7-20EE-4CF5-8491-22F24C5772DB}.Debug|Win32.ActiveCfg = Debug|Win32
		{DCC383E7-20EE-4CF5-8491-22F24C5772DB}.Debug|Win32.Build.0 = Debug|Win32
		{DCC383E7-20EE-4CF5-8491-22F24C5772DB}.LIB ASM Debug|Win32.ActiveCfg = Debug|Win32
		{DCC383E7-20EE-4CF5-8491-22F24C5772DB}.LIB ASM Debug|Win32.Build.0 = Debug|Win32
		{DCC383E7-20EE-4CF5-8491-22F24C5772DB}.LIB ASM Release|Win32.ActiveCfg = Release|Win32
		{DCC383E7-20EE-4CF5-8491-22F24C5772DB}.LIB ASM Release|Win32.Build.0 = Release|Win32
		{DCC383E7-20EE-4CF5-8491-22F24C5772DB}.LIB Debug|Win32.ActiveCfg = Debug|Win32
		{DCC383E7-20EE-4CF5-8491-22F24C5772DB}.LIB Debug|Win32.Build.0 = Debug|Win32
		{DCC383E7-20EE-4CF5-8491-22F24C5772DB}.LIB Release|Win32.ActiveCfg = Release|Win32
		{DCC383E7-20EE-4CF5-8491-22F24C5772DB}.LIB Release|Win32.Build.0 = Release|Win32
		{DCC383E7-20EE-4CF5-8491-22F24C5772DB}.Release|Win32.ActiveCfg = Release|Win32
		{DCC383E7-20EE-4CF5-8491-22F24C5772DB}.Release|Win32.Build.0 = Release|Win32
		{98C64CA2-13F9-461B-B271-7CD09F048491}.Debug|Win32.ActiveCfg = Debug|Win32
		{98C64CA2-13F9-461B-B271-7CD09F048491}.Debug|Win32.Build.0 = Debug|Win32
		{98C64CA2-13F9-461B-B271-7CD09F048491}.LIB ASM Debug|Win32.ActiveCfg = Debug|Win32
		{98C64CA2-13F9-461B-B271-7CD09F048491}.LIB ASM Debug|Win32.Build.0 = Debug|Win32
		{98C64CA2-13F9-461B-B271-7CD09F048491}.LIB ASM Release|Win32.ActiveCfg = Release|Win32
		{98C64CA2-13F9-461B-B271-7CD09F048491}.LIB ASM Release|Win32.Build.0 = Release|Win32
		{98C64CA2-13F9-461B-B271-7CD09F048491}.LIB Debug|Win32.ActiveCfg = Debug|Win32
		{98C64CA2-13F9-461B-B271-7CD09F048491}.LIB Debug|Win32.Build.0 = Debug|Win32
		{98C64CA2-13F9-461B-B271-7CD09F048491}.LIB Release|Win32.ActiveCfg = Release|Win32
		{98C64CA2-13F9-461B-B271-7CD09F048491}.LIB Release|Win32.Build.0 = Release|Win32
		{98C64CA2-13F9-461B-B271-7CD09F048491}.Release|Win32.ActiveCfg = Release|Win32
		{98C64CA2-13F9-461B-B271-7CD09F048491}.Release|Win32.Build.0 = Release|Win32
		{8BB562B5-9A8F-475B-8CC8-E305454CBD05}.Debug|Win32.ActiveCfg = Debug|Win32
		{8BB562B5-9A8F-475B-8CC8-E305454CBD05}.Debug|Win32.Build.0 = Debug|Win32
		{8BB562B5-9A8F-475B-8CC8-E305454CBD05}.LIB ASM Debug|Win32.ActiveCfg = Debug|Win32
		{8BB562B5-9A8F-475B-8CC8-E305454CBD05}.LIB ASM Debug|Win32.Build.0 = Debug|Win32
		{8BB562B5-9A8F-475B-8CC8-E305454CBD05}.LIB ASM Release|Win32.ActiveCfg = Release|Win32
		{8BB562B5-9A8F-475B-8CC8-E305454CBD05}.LIB ASM Release|Win32.Build.0 = Release|Win32
		{8BB562B5-9A8F-475B-8CC8-E305454CBD05}.LIB Debug|Win32.ActiveCfg = Debug|Win32
		{8BB562B5-9A8F-475B-8CC8-E305454CBD05}.LIB Debug|Win32.Build.0 = Debug|Win32
		{8BB562B5-9A8F-475B-8CC8-E305454CBD05}.LIB Release|Win32.ActiveCfg = Release|Win32
		{8BB562B5-9A8F-475B-8CC8-E305454CBD05}.LIB Release|Win32.Build.0 = Release|Win32
		{8BB562B5-9A8F-475B-8CC8-E305454CBD05}.Release|Win32.ActiveCfg = Release|Win32
		{8BB562B5-9A8F-475B-8CC8-E305454CBD05}.Release|Win32.Build.0 = Release|Win32
	EndGlobalSection
	GlobalSection(SolutionProperties) = preSolution
		HideSolutionNode = FALSE
	EndGlobalSection
EndGlobal
